PODS:
  - boost-for-react-native (1.63.0)
  - DoubleConversion (1.1.6)
  - FBLazyVector (0.61.0)
  - FBReactNativeSpec (0.61.0):
    - Folly (= 2018.10.22.00)
    - RCTRequired (= 0.61.0)
    - RCTTypeSafety (= 0.61.0)
    - React-Core (= 0.61.0)
    - React-jsi (= 0.61.0)
    - ReactCommon/turbomodule/core (= 0.61.0)
  - Folly (2018.10.22.00):
    - boost-for-react-native
    - DoubleConversion
    - Folly/Default (= 2018.10.22.00)
    - glog
  - Folly/Default (2018.10.22.00):
    - boost-for-react-native
    - DoubleConversion
    - glog
  - glog (0.3.5)
  - RCTRequired (0.61.0)
  - RCTRestart (0.0.7):
    - React
  - RCTTypeSafety (0.61.0):
    - FBLazyVector (= 0.61.0)
    - Folly (= 2018.10.22.00)
    - RCTRequired (= 0.61.0)
    - React-Core (= 0.61.0)
  - React (0.61.0):
    - React-Core (= 0.61.0)
    - React-Core/DevSupport (= 0.61.0)
    - React-Core/RCTWebSocket (= 0.61.0)
    - React-RCTActionSheet (= 0.61.0)
    - React-RCTAnimation (= 0.61.0)
    - React-RCTBlob (= 0.61.0)
    - React-RCTImage (= 0.61.0)
    - React-RCTLinking (= 0.61.0)
    - React-RCTNetwork (= 0.61.0)
    - React-RCTSettings (= 0.61.0)
    - React-RCTText (= 0.61.0)
    - React-RCTVibration (= 0.61.0)
  - React-ART (0.61.0):
    - React-Core/ARTHeaders (= 0.61.0)
  - React-Core (0.61.0):
    - Folly (= 2018.10.22.00)
    - glog
    - React-Core/Default (= 0.61.0)
    - React-cxxreact (= 0.61.0)
    - React-jsi (= 0.61.0)
    - React-jsiexecutor (= 0.61.0)
    - Yoga
  - React-Core/ARTHeaders (0.61.0):
    - Folly (= 2018.10.22.00)
    - glog
    - React-Core/Default
    - React-cxxreact (= 0.61.0)
    - React-jsi (= 0.61.0)
    - React-jsiexecutor (= 0.61.0)
    - Yoga
  - React-Core/CoreModulesHeaders (0.61.0):
    - Folly (= 2018.10.22.00)
    - glog
    - React-Core/Default
    - React-cxxreact (= 0.61.0)
    - React-jsi (= 0.61.0)
    - React-jsiexecutor (= 0.61.0)
    - Yoga
  - React-Core/Default (0.61.0):
    - Folly (= 2018.10.22.00)
    - glog
    - React-cxxreact (= 0.61.0)
    - React-jsi (= 0.61.0)
    - React-jsiexecutor (= 0.61.0)
    - Yoga
  - React-Core/DevSupport (0.61.0):
    - Folly (= 2018.10.22.00)
    - glog
    - React-Core/Default (= 0.61.0)
    - React-Core/RCTWebSocket (= 0.61.0)
    - React-cxxreact (= 0.61.0)
    - React-jsi (= 0.61.0)
    - React-jsiexecutor (= 0.61.0)
    - React-jsinspector (= 0.61.0)
    - Yoga
  - React-Core/RCTActionSheetHeaders (0.61.0):
    - Folly (= 2018.10.22.00)
    - glog
    - React-Core/Default
    - React-cxxreact (= 0.61.0)
    - React-jsi (= 0.61.0)
    - React-jsiexecutor (= 0.61.0)
    - Yoga
  - React-Core/RCTAnimationHeaders (0.61.0):
    - Folly (= 2018.10.22.00)
    - glog
    - React-Core/Default
    - React-cxxreact (= 0.61.0)
    - React-jsi (= 0.61.0)
    - React-jsiexecutor (= 0.61.0)
    - Yoga
  - React-Core/RCTBlobHeaders (0.61.0):
    - Folly (= 2018.10.22.00)
    - glog
    - React-Core/Default
    - React-cxxreact (= 0.61.0)
    - React-jsi (= 0.61.0)
    - React-jsiexecutor (= 0.61.0)
    - Yoga
  - React-Core/RCTImageHeaders (0.61.0):
    - Folly (= 2018.10.22.00)
    - glog
    - React-Core/Default
    - React-cxxreact (= 0.61.0)
    - React-jsi (= 0.61.0)
    - React-jsiexecutor (= 0.61.0)
    - Yoga
  - React-Core/RCTLinkingHeaders (0.61.0):
    - Folly (= 2018.10.22.00)
    - glog
    - React-Core/Default
    - React-cxxreact (= 0.61.0)
    - React-jsi (= 0.61.0)
    - React-jsiexecutor (= 0.61.0)
    - Yoga
  - React-Core/RCTNetworkHeaders (0.61.0):
    - Folly (= 2018.10.22.00)
    - glog
    - React-Core/Default
    - React-cxxreact (= 0.61.0)
    - React-jsi (= 0.61.0)
    - React-jsiexecutor (= 0.61.0)
    - Yoga
  - React-Core/RCTSettingsHeaders (0.61.0):
    - Folly (= 2018.10.22.00)
    - glog
    - React-Core/Default
    - React-cxxreact (= 0.61.0)
    - React-jsi (= 0.61.0)
    - React-jsiexecutor (= 0.61.0)
    - Yoga
  - React-Core/RCTTextHeaders (0.61.0):
    - Folly (= 2018.10.22.00)
    - glog
    - React-Core/Default
    - React-cxxreact (= 0.61.0)
    - React-jsi (= 0.61.0)
    - React-jsiexecutor (= 0.61.0)
    - Yoga
  - React-Core/RCTVibrationHeaders (0.61.0):
    - Folly (= 2018.10.22.00)
    - glog
    - React-Core/Default
    - React-cxxreact (= 0.61.0)
    - React-jsi (= 0.61.0)
    - React-jsiexecutor (= 0.61.0)
    - Yoga
  - React-Core/RCTWebSocket (0.61.0):
    - Folly (= 2018.10.22.00)
    - glog
    - React-Core/Default (= 0.61.0)
    - React-cxxreact (= 0.61.0)
    - React-jsi (= 0.61.0)
    - React-jsiexecutor (= 0.61.0)
    - Yoga
  - React-CoreModules (0.61.0):
    - FBReactNativeSpec (= 0.61.0)
    - Folly (= 2018.10.22.00)
    - RCTTypeSafety (= 0.61.0)
    - React-Core/CoreModulesHeaders (= 0.61.0)
    - React-RCTImage (= 0.61.0)
    - ReactCommon/turbomodule/core (= 0.61.0)
  - React-cxxreact (0.61.0):
    - boost-for-react-native (= 1.63.0)
    - DoubleConversion
    - Folly (= 2018.10.22.00)
    - glog
    - React-jsinspector (= 0.61.0)
  - React-jsi (0.61.0):
    - boost-for-react-native (= 1.63.0)
    - DoubleConversion
    - Folly (= 2018.10.22.00)
    - glog
    - React-jsi/Default (= 0.61.0)
  - React-jsi/Default (0.61.0):
    - boost-for-react-native (= 1.63.0)
    - DoubleConversion
    - Folly (= 2018.10.22.00)
    - glog
  - React-jsiexecutor (0.61.0):
    - DoubleConversion
    - Folly (= 2018.10.22.00)
    - glog
    - React-cxxreact (= 0.61.0)
    - React-jsi (= 0.61.0)
  - React-jsinspector (0.61.0)
  - react-native-camera (3.44.2):
    - React-Core
    - react-native-camera/RCT (= 3.44.2)
    - react-native-camera/RN (= 3.44.2)
  - react-native-camera/RCT (3.44.2):
    - React-Core
  - react-native-camera/RN (3.44.2):
    - React-Core
  - react-native-config (0.11.7):
    - React
  - react-native-google-analytics-bridge (6.1.0):
    - react-native-google-analytics-bridge/Core (= 6.1.0)
  - react-native-google-analytics-bridge/Core (6.1.0):
    - React
  - react-native-randombytes (3.5.0):
    - React
  - react-native-splash-screen (3.1.1):
    - React
  - react-native-version-number (0.3.6):
    - React
  - React-RCTActionSheet (0.61.0):
    - React-Core/RCTActionSheetHeaders (= 0.61.0)
  - React-RCTAnimation (0.61.0):
    - React-Core/RCTAnimationHeaders (= 0.61.0)
  - React-RCTBlob (0.61.0):
    - React-Core/RCTBlobHeaders (= 0.61.0)
    - React-Core/RCTWebSocket (= 0.61.0)
    - React-jsi (= 0.61.0)
    - React-RCTNetwork (= 0.61.0)
  - React-RCTImage (0.61.0):
    - React-Core/RCTImageHeaders (= 0.61.0)
    - React-RCTNetwork (= 0.61.0)
  - React-RCTLinking (0.61.0):
    - React-Core/RCTLinkingHeaders (= 0.61.0)
  - React-RCTNetwork (0.61.0):
    - React-Core/RCTNetworkHeaders (= 0.61.0)
  - React-RCTSettings (0.61.0):
    - React-Core/RCTSettingsHeaders (= 0.61.0)
  - React-RCTText (0.61.0):
    - React-Core/RCTTextHeaders (= 0.61.0)
  - React-RCTVibration (0.61.0):
    - React-Core/RCTVibrationHeaders (= 0.61.0)
  - ReactCommon/jscallinvoker (0.61.0):
    - DoubleConversion
    - Folly (= 2018.10.22.00)
    - glog
    - React-cxxreact (= 0.61.0)
  - ReactCommon/turbomodule/core (0.61.0):
    - DoubleConversion
    - Folly (= 2018.10.22.00)
    - glog
    - React-Core (= 0.61.0)
    - React-cxxreact (= 0.61.0)
    - React-jsi (= 0.61.0)
    - ReactCommon/jscallinvoker (= 0.61.0)
  - ReactNativePermissions (1.1.1):
    - React
  - RNCAsyncStorage (1.6.2):
    - React
  - RNKeychain (3.0.0):
    - React
  - RNSVG (6.5.3):
    - React
  - Sentry (4.1.3):
    - Sentry/Core (= 4.1.3)
  - Sentry/Core (4.1.3)
  - SentryReactNative (0.43.2):
    - React
    - Sentry (~> 4.1.3)
  - Yoga (1.14.0)

DEPENDENCIES:
  - DoubleConversion (from `../node_modules/react-native/third-party-podspecs/DoubleConversion.podspec`)
  - FBLazyVector (from `../node_modules/react-native/Libraries/FBLazyVector`)
  - FBReactNativeSpec (from `../node_modules/react-native/Libraries/FBReactNativeSpec`)
  - Folly (from `../node_modules/react-native/third-party-podspecs/Folly.podspec`)
  - glog (from `../node_modules/react-native/third-party-podspecs/glog.podspec`)
  - RCTRequired (from `../node_modules/react-native/Libraries/RCTRequired`)
  - RCTRestart (from `../node_modules/react-native-restart/ios`)
  - RCTTypeSafety (from `../node_modules/react-native/Libraries/TypeSafety`)
  - React (from `../node_modules/react-native/`)
  - React-ART (from `../node_modules/react-native/Libraries/ART`)
  - React-Core (from `../node_modules/react-native`)
  - React-Core/DevSupport (from `../node_modules/react-native`)
  - React-Core/RCTWebSocket (from `../node_modules/react-native`)
  - React-CoreModules (from `../node_modules/react-native/React/CoreModules`)
  - React-cxxreact (from `../node_modules/react-native/ReactCommon/cxxreact`)
  - React-jsi (from `../node_modules/react-native/ReactCommon/jsi`)
  - React-jsiexecutor (from `../node_modules/react-native/ReactCommon/jsiexecutor`)
  - React-jsinspector (from `../node_modules/react-native/ReactCommon/jsinspector`)
  - react-native-camera (from `../node_modules/react-native-camera`)
  - react-native-config (from `../node_modules/react-native-config`)
  - react-native-google-analytics-bridge (from `../node_modules/react-native-google-analytics-bridge`)
  - react-native-randombytes (from `../node_modules/react-native-randombytes`)
  - react-native-splash-screen (from `../node_modules/react-native-splash-screen`)
  - react-native-version-number (from `../node_modules/react-native-version-number`)
  - React-RCTActionSheet (from `../node_modules/react-native/Libraries/ActionSheetIOS`)
  - React-RCTAnimation (from `../node_modules/react-native/Libraries/NativeAnimation`)
  - React-RCTBlob (from `../node_modules/react-native/Libraries/Blob`)
  - React-RCTImage (from `../node_modules/react-native/Libraries/Image`)
  - React-RCTLinking (from `../node_modules/react-native/Libraries/LinkingIOS`)
  - React-RCTNetwork (from `../node_modules/react-native/Libraries/Network`)
  - React-RCTSettings (from `../node_modules/react-native/Libraries/Settings`)
  - React-RCTText (from `../node_modules/react-native/Libraries/Text`)
  - React-RCTVibration (from `../node_modules/react-native/Libraries/Vibration`)
  - ReactCommon/jscallinvoker (from `../node_modules/react-native/ReactCommon`)
  - ReactCommon/turbomodule/core (from `../node_modules/react-native/ReactCommon`)
  - ReactNativePermissions (from `../node_modules/react-native-permissions`)
  - "RNCAsyncStorage (from `../node_modules/@react-native-community/async-storage`)"
  - RNKeychain (from `../node_modules/react-native-keychain`)
  - RNSVG (from `../node_modules/react-native-svg`)
  - SentryReactNative (from `../node_modules/react-native-sentry`)
  - Yoga (from `../node_modules/react-native/ReactCommon/yoga`)

SPEC REPOS:
  trunk:
    - boost-for-react-native
    - Sentry

EXTERNAL SOURCES:
  DoubleConversion:
    :podspec: "../node_modules/react-native/third-party-podspecs/DoubleConversion.podspec"
  FBLazyVector:
    :path: "../node_modules/react-native/Libraries/FBLazyVector"
  FBReactNativeSpec:
    :path: "../node_modules/react-native/Libraries/FBReactNativeSpec"
  Folly:
    :podspec: "../node_modules/react-native/third-party-podspecs/Folly.podspec"
  glog:
    :podspec: "../node_modules/react-native/third-party-podspecs/glog.podspec"
  RCTRequired:
    :path: "../node_modules/react-native/Libraries/RCTRequired"
  RCTRestart:
    :path: "../node_modules/react-native-restart/ios"
  RCTTypeSafety:
    :path: "../node_modules/react-native/Libraries/TypeSafety"
  React:
    :path: "../node_modules/react-native/"
  React-ART:
    :path: "../node_modules/react-native/Libraries/ART"
  React-Core:
    :path: "../node_modules/react-native"
  React-CoreModules:
    :path: "../node_modules/react-native/React/CoreModules"
  React-cxxreact:
    :path: "../node_modules/react-native/ReactCommon/cxxreact"
  React-jsi:
    :path: "../node_modules/react-native/ReactCommon/jsi"
  React-jsiexecutor:
    :path: "../node_modules/react-native/ReactCommon/jsiexecutor"
  React-jsinspector:
    :path: "../node_modules/react-native/ReactCommon/jsinspector"
  react-native-camera:
    :path: "../node_modules/react-native-camera"
  react-native-config:
    :path: "../node_modules/react-native-config"
  react-native-google-analytics-bridge:
    :path: "../node_modules/react-native-google-analytics-bridge"
  react-native-randombytes:
    :path: "../node_modules/react-native-randombytes"
  react-native-splash-screen:
    :path: "../node_modules/react-native-splash-screen"
  react-native-version-number:
    :path: "../node_modules/react-native-version-number"
  React-RCTActionSheet:
    :path: "../node_modules/react-native/Libraries/ActionSheetIOS"
  React-RCTAnimation:
    :path: "../node_modules/react-native/Libraries/NativeAnimation"
  React-RCTBlob:
    :path: "../node_modules/react-native/Libraries/Blob"
  React-RCTImage:
    :path: "../node_modules/react-native/Libraries/Image"
  React-RCTLinking:
    :path: "../node_modules/react-native/Libraries/LinkingIOS"
  React-RCTNetwork:
    :path: "../node_modules/react-native/Libraries/Network"
  React-RCTSettings:
    :path: "../node_modules/react-native/Libraries/Settings"
  React-RCTText:
    :path: "../node_modules/react-native/Libraries/Text"
  React-RCTVibration:
    :path: "../node_modules/react-native/Libraries/Vibration"
  ReactCommon:
    :path: "../node_modules/react-native/ReactCommon"
  ReactNativePermissions:
    :path: "../node_modules/react-native-permissions"
  RNCAsyncStorage:
    :path: "../node_modules/@react-native-community/async-storage"
  RNKeychain:
    :path: "../node_modules/react-native-keychain"
  RNSVG:
    :path: "../node_modules/react-native-svg"
  SentryReactNative:
    :path: "../node_modules/react-native-sentry"
  Yoga:
    :path: "../node_modules/react-native/ReactCommon/yoga"

SPEC CHECKSUMS:
  boost-for-react-native: 39c7adb57c4e60d6c5479dd8623128eb5b3f0f2c
  DoubleConversion: 5805e889d232975c086db112ece9ed034df7a0b2
  FBLazyVector: 815d415da87ffb4308b229ffe4b531799d118c6c
  FBReactNativeSpec: a43dfecd1f9e31d5729a38adafba1790c4c6c950
  Folly: 30e7936e1c45c08d884aa59369ed951a8e68cf51
  glog: 1f3da668190260b06b429bb211bfbee5cd790c28
  RCTRequired: 1f0d5c0baf372e291f70b6b1275b19142bdce931
  RCTRestart: 2b6ee1cf74f7176262f2214427809407ea3729ce
  RCTTypeSafety: 3b7329bbb97065c1f6ff7157f8eaf0da60fdc13d
  React: e419a1c0c3afe96300511585756bbea2f9f35e04
  React-ART: d915bc870c2eec46ea029f608876079a1af01db3
  React-Core: 8a505361c3ebe5ad216d52ca5f007a65ef63e5b6
  React-CoreModules: 47a3d75d3afd7089a5d2dd55dab08887ed1afa4c
  React-cxxreact: 4c6e3ec3e5f0ffcb659a3612a1e59a2144f21754
  React-jsi: 4b5e521350c455b5eb4be50ea98c02de25b44fad
  React-jsiexecutor: 5532ab4389aabbbf1b87904de04c8ddd7dda7036
  React-jsinspector: 99b82aeb51d67d9025ab4eb8ccb8132f8dcebf69
  react-native-camera: dc4d482638c1bbd57ee96ed84c626e17dafbcf44
  react-native-config: 55548054279d92e0e4566ea15a8b9b81028ec342
  react-native-google-analytics-bridge: 81f34cb52cb81ee82435a4282cfb8154a271c5a2
  react-native-randombytes: 4380cbf345de0878af82ca298ad3e75be26b0cd3
  react-native-splash-screen: 353334c5ae82d8c74501ea7cbb916cb7cb20c8bf
  react-native-version-number: 0f3b351233c82ec805250c191ed762d7421bc0b6
  React-RCTActionSheet: 5f9a1733ec8e380aae8a97877f1166cb058733ae
  React-RCTAnimation: 3e0a55305b70b1eb5a5e34230ed8198d4a782da9
  React-RCTBlob: a6ff2220ed7ef4b06e559ec61a0b0f4e80a3716a
  React-RCTImage: c814a1f15e26a4736dedc4468748889eb68fdc2c
  React-RCTLinking: 2c0e8c6129460aec97a049b63d888392671e87b5
  React-RCTNetwork: e1c46d5a4476c485690bfb9fb59cc9db054ace74
  React-RCTSettings: c7891181cc13b7b47e7669ca533a159dc7039914
  React-RCTText: beb19a6c50072a1a2f617490ea967237c98d1dfc
  React-RCTVibration: c8e67f140a83a14a1ad9042950cca08ab29423fd
  ReactCommon: 584ef683c340894c1c82be43ce760390493ae8bf
  ReactNativePermissions: 2e324bb3baf12702e3ec27f76c8ae1158fa69fc6
  RNCAsyncStorage: 5ae4d57458804e99f73d427214442a6b10a53856
  RNKeychain: 3aa3cf891a09a0d18d306862ab2bb9e106079b24
  RNSVG: 4501a5e968f1eb962f5481b0da53dfb59260e9b6
  Sentry: 4e8a17b61ddd116f89536cc81d567fdee1ebca96
  SentryReactNative: 07237139c00366ea2e75ae3e5c566e7a71c27a90
  Yoga: 3f70bbd9aa01e04eefec36e2a085b2fc0ff1dd98

PODFILE CHECKSUM: e01e911bb47d0c3a6be395fd8277cc8634ba8966

COCOAPODS: 1.10.1
