// !$*UTF8*$!
{
	archiveVersion = 1;
	classes = {
	};
	objectVersion = 51;
	objects = {

/* Begin PBXBuildFile section */
		00E356F31AD99517003FC87E /* MetronomeWalletTests.m in Sources */ = {isa = PBXBuildFile; fileRef = 00E356F21AD99517003FC87E /* MetronomeWalletTests.m */; };
		0C59DDA5B2FF41619CA3B794 /* libRNVersionNumber-tvOS.a in Frameworks */ = {isa = PBXBuildFile; fileRef = B0E37FF20C504053BC7AD075 /* libRNVersionNumber-tvOS.a */; };
		13B07FBC1A68108700A75B9A /* AppDelegate.m in Sources */ = {isa = PBXBuildFile; fileRef = 13B07FB01A68108700A75B9A /* AppDelegate.m */; };
		13B07FBF1A68108700A75B9A /* Images.xcassets in Resources */ = {isa = PBXBuildFile; fileRef = 13B07FB51A68108700A75B9A /* Images.xcassets */; };
		13B07FC11A68108700A75B9A /* main.m in Sources */ = {isa = PBXBuildFile; fileRef = 13B07FB71A68108700A75B9A /* main.m */; };
		20EDEF9721404E95895EAD0C /* libRCTGoogleAnalyticsBridge.a in Frameworks */ = {isa = PBXBuildFile; fileRef = 39CE92B26CD04010A4990D3A /* libRCTGoogleAnalyticsBridge.a */; };
		2B4189A7524D24D0BFB2CCE1 /* libPods-MetronomeWallet-tvOS.a in Frameworks */ = {isa = PBXBuildFile; fileRef = 0DAAD710378391046DED8795 /* libPods-MetronomeWallet-tvOS.a */; };
		2C08ED3AA7E049BD9F51F63D /* libSplashScreen.a in Frameworks */ = {isa = PBXBuildFile; fileRef = 2500C91B72BB4B538D154263 /* libSplashScreen.a */; };
		2D02E4BC1E0B4A80006451C7 /* AppDelegate.m in Sources */ = {isa = PBXBuildFile; fileRef = 13B07FB01A68108700A75B9A /* AppDelegate.m */; };
		2D02E4BD1E0B4A84006451C7 /* Images.xcassets in Resources */ = {isa = PBXBuildFile; fileRef = 13B07FB51A68108700A75B9A /* Images.xcassets */; };
		2D02E4BF1E0B4AB3006451C7 /* main.m in Sources */ = {isa = PBXBuildFile; fileRef = 13B07FB71A68108700A75B9A /* main.m */; };
		2DCD954D1E0B4F2C00145EB5 /* MetronomeWalletTests.m in Sources */ = {isa = PBXBuildFile; fileRef = 00E356F21AD99517003FC87E /* MetronomeWalletTests.m */; };
		31A35B5643284BDB8ABA77A4 /* libz.tbd in Frameworks */ = {isa = PBXBuildFile; fileRef = 959CD66503A347BC89487B04 /* libz.tbd */; };
		33F047410B5446599B3077D5 /* libRNVersionNumber.a in Frameworks */ = {isa = PBXBuildFile; fileRef = 6F07B9A7814C41F599A43E89 /* libRNVersionNumber.a */; };
		3472FB86E7604C33B17DDCE8 /* libRNSentry-tvOS.a in Frameworks */ = {isa = PBXBuildFile; fileRef = 56D6F0330F7F4D1C8CE49A95 /* libRNSentry-tvOS.a */; };
		35FAB6970D3C49928074A7E5 /* Muli-SemiBold.ttf in Resources */ = {isa = PBXBuildFile; fileRef = 8E722C5AED644754B9922FC0 /* Muli-SemiBold.ttf */; };
		36895E210EE74553839B1885 /* Muli-Bold.ttf in Resources */ = {isa = PBXBuildFile; fileRef = 45F24EAB860D477AA6B9CF03 /* Muli-Bold.ttf */; };
		3AF5FC90CC3B4F2F9104DE87 /* SystemConfiguration.framework in Frameworks */ = {isa = PBXBuildFile; fileRef = 7AEEFF4D691340C5B036964B /* SystemConfiguration.framework */; };
		3FB876A445C3466EA1815F4D /* Muli-Light.ttf in Resources */ = {isa = PBXBuildFile; fileRef = 058621A58716455EB839BD65 /* Muli-Light.ttf */; };
		48A4DE50DBE74FFAB527988F /* libRNSVG.a in Frameworks */ = {isa = PBXBuildFile; fileRef = 7E9C98BF9B0C46B6ADEE18C9 /* libRNSVG.a */; };
		51F387C36C9840288FDC8B4F /* libz.tbd in Frameworks */ = {isa = PBXBuildFile; fileRef = 3D109037C3C546FEA03DA448 /* libz.tbd */; };
		54E32A1D7CCE4D738016354D /* libRNKeychain.a in Frameworks */ = {isa = PBXBuildFile; fileRef = F7CE1171A64F4B9DB473EC6B /* libRNKeychain.a */; };
		55647811063842D8A2C27AA3 /* Muli-Black.ttf in Resources */ = {isa = PBXBuildFile; fileRef = 22724B10EEF54C3093BFFE08 /* Muli-Black.ttf */; };
		582CE6F1FACF498EAF169FB9 /* libRNRandomBytes.a in Frameworks */ = {isa = PBXBuildFile; fileRef = F8424604A73B4339BBBC6E91 /* libRNRandomBytes.a */; };
		5CAE73799A364F86BEEFCF2B /* Muli-ExtraBold.ttf in Resources */ = {isa = PBXBuildFile; fileRef = AF3F5384DDF54AD3AEE6F2AA /* Muli-ExtraBold.ttf */; };
		6E05C04722443E120079D89F /* main.jsbundle in Resources */ = {isa = PBXBuildFile; fileRef = 008F07F21AC5B25A0029DE68 /* main.jsbundle */; };
		6E67B6FC234539BA001A9F5E /* JavaScriptCore.framework in Frameworks */ = {isa = PBXBuildFile; fileRef = 6E67B6C4234539BA001A9F5E /* JavaScriptCore.framework */; };
		71258101B23A4B62A49F6291 /* libRNCamera.a in Frameworks */ = {isa = PBXBuildFile; fileRef = A1C0F3F2B0E14788AF1E62BB /* libRNCamera.a */; };
		82FC647E3199444BA2696F68 /* Muli-ExtraLight.ttf in Resources */ = {isa = PBXBuildFile; fileRef = 62004C1DB57C4895902766AA /* Muli-ExtraLight.ttf */; };
		855A1CD9F95DEB492582652A /* libPods-MetronomeWallet.a in Frameworks */ = {isa = PBXBuildFile; fileRef = A3CCA45D156086E962FA779A /* libPods-MetronomeWallet.a */; };
		893FE8B869894FB9B23C6D05 /* libRNSVG-tvOS.a in Frameworks */ = {isa = PBXBuildFile; fileRef = A91E97607A084DEAA49AA7B7 /* libRNSVG-tvOS.a */; };
		959E305E0365497E9DE2BE23 /* libReactNativeConfig.a in Frameworks */ = {isa = PBXBuildFile; fileRef = 627E34E13AF24318AF5A370E /* libReactNativeConfig.a */; };
		9BA45F6446224B1EAA096D1E /* libsqlite3.0.tbd in Frameworks */ = {isa = PBXBuildFile; fileRef = D399A48C092F41C4A2830416 /* libsqlite3.0.tbd */; };
		B974D79574A34538A639E691 /* libRNSentry.a in Frameworks */ = {isa = PBXBuildFile; fileRef = EB3CE76458514F3BB3D91F43 /* libRNSentry.a */; };
		BB1B18299233499D99BA49B4 /* libRNCAsyncStorage.a in Frameworks */ = {isa = PBXBuildFile; fileRef = E481A76E2F734E8FA8995FF6 /* libRNCAsyncStorage.a */; };
		BE538D6A115E434FA4F20F22 /* libReactNativeConfig-tvOS.a in Frameworks */ = {isa = PBXBuildFile; fileRef = CDEA359BDC9B445D9AA5FD02 /* libReactNativeConfig-tvOS.a */; };
		C2DDBB831CAA43DBB3D02A9B /* CoreData.framework in Frameworks */ = {isa = PBXBuildFile; fileRef = D24E64A6FB554B189502081D /* CoreData.framework */; };
		D7882272A32944477338B666 /* libPods-MetronomeWallet-tvOSTests.a in Frameworks */ = {isa = PBXBuildFile; fileRef = 7E020A311419CD576E1EDD22 /* libPods-MetronomeWallet-tvOSTests.a */; };
		D8602807D6864220A378E42E /* libReactNativePermissions.a in Frameworks */ = {isa = PBXBuildFile; fileRef = AA9E64E68BF64D57AC9BCBED /* libReactNativePermissions.a */; };
		D952597F8E62455AAE0BCB46 /* Muli-Regular.ttf in Resources */ = {isa = PBXBuildFile; fileRef = 491F23FF9EAD46ADAADE261F /* Muli-Regular.ttf */; };
		DBD029BC44CACB99059E41B3 /* libPods-MetronomeWallet-MetronomeWalletTests.a in Frameworks */ = {isa = PBXBuildFile; fileRef = 725F187855110FE0642886FE /* libPods-MetronomeWallet-MetronomeWalletTests.a */; };
		EAFEE9A82693909600C1F3EC /* LaunchScreen.storyboard in Resources */ = {isa = PBXBuildFile; fileRef = EAFEE9A62693909600C1F3EC /* LaunchScreen.storyboard */; };
		EAFEE9A92693909600C1F3EC /* LaunchScreen.storyboard in Resources */ = {isa = PBXBuildFile; fileRef = EAFEE9A62693909600C1F3EC /* LaunchScreen.storyboard */; };
		F46FB9B6839C4DC68929E515 /* libRCTRestart.a in Frameworks */ = {isa = PBXBuildFile; fileRef = CF025B5F391E4FEB8EBD4B38 /* libRCTRestart.a */; };
/* End PBXBuildFile section */

/* Begin PBXContainerItemProxy section */
		00E356F41AD99517003FC87E /* PBXContainerItemProxy */ = {
			isa = PBXContainerItemProxy;
			containerPortal = 83CBB9F71A601CBA00E9B192 /* Project object */;
			proxyType = 1;
			remoteGlobalIDString = 13B07F861A680F5B00A75B9A;
			remoteInfo = MetronomeWallet;
		};
		2D02E4911E0B4A5D006451C7 /* PBXContainerItemProxy */ = {
			isa = PBXContainerItemProxy;
			containerPortal = 83CBB9F71A601CBA00E9B192 /* Project object */;
			proxyType = 1;
			remoteGlobalIDString = 2D02E47A1E0B4A5D006451C7;
			remoteInfo = "MetronomeWallet-tvOS";
		};
/* End PBXContainerItemProxy section */

/* Begin PBXFileReference section */
		008F07F21AC5B25A0029DE68 /* main.jsbundle */ = {isa = PBXFileReference; fileEncoding = 4; lastKnownFileType = text; path = main.jsbundle; sourceTree = "<group>"; };
		00E356EE1AD99517003FC87E /* MetronomeWalletTests.xctest */ = {isa = PBXFileReference; explicitFileType = wrapper.cfbundle; includeInIndex = 0; path = MetronomeWalletTests.xctest; sourceTree = BUILT_PRODUCTS_DIR; };
		00E356F11AD99517003FC87E /* Info.plist */ = {isa = PBXFileReference; lastKnownFileType = text.plist.xml; path = Info.plist; sourceTree = "<group>"; };
		00E356F21AD99517003FC87E /* MetronomeWalletTests.m */ = {isa = PBXFileReference; lastKnownFileType = sourcecode.c.objc; path = MetronomeWalletTests.m; sourceTree = "<group>"; };
		058621A58716455EB839BD65 /* Muli-Light.ttf */ = {isa = PBXFileReference; explicitFileType = undefined; fileEncoding = 9; includeInIndex = 0; lastKnownFileType = unknown; name = "Muli-Light.ttf"; path = "../src/assets/fonts/Muli-Light.ttf"; sourceTree = "<group>"; };
		0630C19DC2C5F417CF09C31F /* Pods-MetronomeWallet-MetronomeWalletTests.release.xcconfig */ = {isa = PBXFileReference; includeInIndex = 1; lastKnownFileType = text.xcconfig; name = "Pods-MetronomeWallet-MetronomeWalletTests.release.xcconfig"; path = "Target Support Files/Pods-MetronomeWallet-MetronomeWalletTests/Pods-MetronomeWallet-MetronomeWalletTests.release.xcconfig"; sourceTree = "<group>"; };
		0DAAD710378391046DED8795 /* libPods-MetronomeWallet-tvOS.a */ = {isa = PBXFileReference; explicitFileType = archive.ar; includeInIndex = 0; path = "libPods-MetronomeWallet-tvOS.a"; sourceTree = BUILT_PRODUCTS_DIR; };
		13B07F961A680F5B00A75B9A /* MetronomeWallet.app */ = {isa = PBXFileReference; explicitFileType = wrapper.application; includeInIndex = 0; path = MetronomeWallet.app; sourceTree = BUILT_PRODUCTS_DIR; };
		13B07FAF1A68108700A75B9A /* AppDelegate.h */ = {isa = PBXFileReference; fileEncoding = 4; lastKnownFileType = sourcecode.c.h; name = AppDelegate.h; path = MetronomeWallet/AppDelegate.h; sourceTree = "<group>"; };
		13B07FB01A68108700A75B9A /* AppDelegate.m */ = {isa = PBXFileReference; fileEncoding = 4; lastKnownFileType = sourcecode.c.objc; name = AppDelegate.m; path = MetronomeWallet/AppDelegate.m; sourceTree = "<group>"; };
		13B07FB51A68108700A75B9A /* Images.xcassets */ = {isa = PBXFileReference; lastKnownFileType = folder.assetcatalog; name = Images.xcassets; path = MetronomeWallet/Images.xcassets; sourceTree = "<group>"; };
		13B07FB61A68108700A75B9A /* Info.plist */ = {isa = PBXFileReference; fileEncoding = 4; lastKnownFileType = text.plist.xml; name = Info.plist; path = MetronomeWallet/Info.plist; sourceTree = "<group>"; };
		13B07FB71A68108700A75B9A /* main.m */ = {isa = PBXFileReference; fileEncoding = 4; lastKnownFileType = sourcecode.c.objc; name = main.m; path = MetronomeWallet/main.m; sourceTree = "<group>"; };
		22724B10EEF54C3093BFFE08 /* Muli-Black.ttf */ = {isa = PBXFileReference; explicitFileType = undefined; fileEncoding = 9; includeInIndex = 0; lastKnownFileType = unknown; name = "Muli-Black.ttf"; path = "../src/assets/fonts/Muli-Black.ttf"; sourceTree = "<group>"; };
		2500C91B72BB4B538D154263 /* libSplashScreen.a */ = {isa = PBXFileReference; explicitFileType = undefined; fileEncoding = 9; includeInIndex = 0; lastKnownFileType = archive.ar; path = libSplashScreen.a; sourceTree = "<group>"; };
		2D02E47B1E0B4A5D006451C7 /* MetronomeWallet-tvOS.app */ = {isa = PBXFileReference; explicitFileType = wrapper.application; includeInIndex = 0; path = "MetronomeWallet-tvOS.app"; sourceTree = BUILT_PRODUCTS_DIR; };
		2D02E4901E0B4A5D006451C7 /* MetronomeWallet-tvOSTests.xctest */ = {isa = PBXFileReference; explicitFileType = wrapper.cfbundle; includeInIndex = 0; path = "MetronomeWallet-tvOSTests.xctest"; sourceTree = BUILT_PRODUCTS_DIR; };
		35FEC43314B95BD27D1EAE2D /* Pods-MetronomeWalletTests.release.xcconfig */ = {isa = PBXFileReference; includeInIndex = 1; lastKnownFileType = text.xcconfig; name = "Pods-MetronomeWalletTests.release.xcconfig"; path = "Target Support Files/Pods-MetronomeWalletTests/Pods-MetronomeWalletTests.release.xcconfig"; sourceTree = "<group>"; };
		39CE92B26CD04010A4990D3A /* libRCTGoogleAnalyticsBridge.a */ = {isa = PBXFileReference; explicitFileType = undefined; fileEncoding = 9; includeInIndex = 0; lastKnownFileType = archive.ar; path = libRCTGoogleAnalyticsBridge.a; sourceTree = "<group>"; };
		3D109037C3C546FEA03DA448 /* libz.tbd */ = {isa = PBXFileReference; explicitFileType = undefined; fileEncoding = 9; includeInIndex = 0; lastKnownFileType = "sourcecode.text-based-dylib-definition"; name = libz.tbd; path = usr/lib/libz.tbd; sourceTree = SDKROOT; };
		45F24EAB860D477AA6B9CF03 /* Muli-Bold.ttf */ = {isa = PBXFileReference; explicitFileType = undefined; fileEncoding = 9; includeInIndex = 0; lastKnownFileType = unknown; name = "Muli-Bold.ttf"; path = "../src/assets/fonts/Muli-Bold.ttf"; sourceTree = "<group>"; };
		460DF1492C4BC1FC9BA9F987 /* Pods-MetronomeWalletTests.debug.xcconfig */ = {isa = PBXFileReference; includeInIndex = 1; lastKnownFileType = text.xcconfig; name = "Pods-MetronomeWalletTests.debug.xcconfig"; path = "Target Support Files/Pods-MetronomeWalletTests/Pods-MetronomeWalletTests.debug.xcconfig"; sourceTree = "<group>"; };
		491F23FF9EAD46ADAADE261F /* Muli-Regular.ttf */ = {isa = PBXFileReference; explicitFileType = undefined; fileEncoding = 9; includeInIndex = 0; lastKnownFileType = unknown; name = "Muli-Regular.ttf"; path = "../src/assets/fonts/Muli-Regular.ttf"; sourceTree = "<group>"; };
		4D6676678C704E683F83D036 /* Pods-MetronomeWallet.release.xcconfig */ = {isa = PBXFileReference; includeInIndex = 1; lastKnownFileType = text.xcconfig; name = "Pods-MetronomeWallet.release.xcconfig"; path = "Target Support Files/Pods-MetronomeWallet/Pods-MetronomeWallet.release.xcconfig"; sourceTree = "<group>"; };
		56D6F0330F7F4D1C8CE49A95 /* libRNSentry-tvOS.a */ = {isa = PBXFileReference; explicitFileType = undefined; fileEncoding = 9; includeInIndex = 0; lastKnownFileType = archive.ar; path = "libRNSentry-tvOS.a"; sourceTree = "<group>"; };
		62004C1DB57C4895902766AA /* Muli-ExtraLight.ttf */ = {isa = PBXFileReference; explicitFileType = undefined; fileEncoding = 9; includeInIndex = 0; lastKnownFileType = unknown; name = "Muli-ExtraLight.ttf"; path = "../src/assets/fonts/Muli-ExtraLight.ttf"; sourceTree = "<group>"; };
		627E34E13AF24318AF5A370E /* libReactNativeConfig.a */ = {isa = PBXFileReference; explicitFileType = undefined; fileEncoding = 9; includeInIndex = 0; lastKnownFileType = archive.ar; path = libReactNativeConfig.a; sourceTree = "<group>"; };
		6E67B6C4234539BA001A9F5E /* JavaScriptCore.framework */ = {isa = PBXFileReference; lastKnownFileType = wrapper.framework; name = JavaScriptCore.framework; path = System/Library/Frameworks/JavaScriptCore.framework; sourceTree = SDKROOT; };
		6F07B9A7814C41F599A43E89 /* libRNVersionNumber.a */ = {isa = PBXFileReference; explicitFileType = undefined; fileEncoding = 9; includeInIndex = 0; lastKnownFileType = archive.ar; path = libRNVersionNumber.a; sourceTree = "<group>"; };
		725F187855110FE0642886FE /* libPods-MetronomeWallet-MetronomeWalletTests.a */ = {isa = PBXFileReference; explicitFileType = archive.ar; includeInIndex = 0; path = "libPods-MetronomeWallet-MetronomeWalletTests.a"; sourceTree = BUILT_PRODUCTS_DIR; };
		7AEEFF4D691340C5B036964B /* SystemConfiguration.framework */ = {isa = PBXFileReference; explicitFileType = undefined; fileEncoding = 9; includeInIndex = 0; lastKnownFileType = wrapper.framework; name = SystemConfiguration.framework; path = System/Library/Frameworks/SystemConfiguration.framework; sourceTree = SDKROOT; };
		7BD8C4C49129726412C6C43D /* Pods-MetronomeWallet-tvOSTests.debug.xcconfig */ = {isa = PBXFileReference; includeInIndex = 1; lastKnownFileType = text.xcconfig; name = "Pods-MetronomeWallet-tvOSTests.debug.xcconfig"; path = "Target Support Files/Pods-MetronomeWallet-tvOSTests/Pods-MetronomeWallet-tvOSTests.debug.xcconfig"; sourceTree = "<group>"; };
		7E020A311419CD576E1EDD22 /* libPods-MetronomeWallet-tvOSTests.a */ = {isa = PBXFileReference; explicitFileType = archive.ar; includeInIndex = 0; path = "libPods-MetronomeWallet-tvOSTests.a"; sourceTree = BUILT_PRODUCTS_DIR; };
		7E9C98BF9B0C46B6ADEE18C9 /* libRNSVG.a */ = {isa = PBXFileReference; explicitFileType = undefined; fileEncoding = 9; includeInIndex = 0; lastKnownFileType = archive.ar; path = libRNSVG.a; sourceTree = "<group>"; };
		8E722C5AED644754B9922FC0 /* Muli-SemiBold.ttf */ = {isa = PBXFileReference; explicitFileType = undefined; fileEncoding = 9; includeInIndex = 0; lastKnownFileType = unknown; name = "Muli-SemiBold.ttf"; path = "../src/assets/fonts/Muli-SemiBold.ttf"; sourceTree = "<group>"; };
		959CD66503A347BC89487B04 /* libz.tbd */ = {isa = PBXFileReference; explicitFileType = undefined; fileEncoding = 9; includeInIndex = 0; lastKnownFileType = "sourcecode.text-based-dylib-definition"; name = libz.tbd; path = usr/lib/libz.tbd; sourceTree = SDKROOT; };
		95CD917468E1D301122564AE /* Pods-MetronomeWallet-MetronomeWalletTests.debug.xcconfig */ = {isa = PBXFileReference; includeInIndex = 1; lastKnownFileType = text.xcconfig; name = "Pods-MetronomeWallet-MetronomeWalletTests.debug.xcconfig"; path = "Target Support Files/Pods-MetronomeWallet-MetronomeWalletTests/Pods-MetronomeWallet-MetronomeWalletTests.debug.xcconfig"; sourceTree = "<group>"; };
		96B6227F7B1CF49CE852DB66 /* Pods-MetronomeWallet-tvOS.release.xcconfig */ = {isa = PBXFileReference; includeInIndex = 1; lastKnownFileType = text.xcconfig; name = "Pods-MetronomeWallet-tvOS.release.xcconfig"; path = "Target Support Files/Pods-MetronomeWallet-tvOS/Pods-MetronomeWallet-tvOS.release.xcconfig"; sourceTree = "<group>"; };
		A1C0F3F2B0E14788AF1E62BB /* libRNCamera.a */ = {isa = PBXFileReference; explicitFileType = undefined; fileEncoding = 9; includeInIndex = 0; lastKnownFileType = archive.ar; path = libRNCamera.a; sourceTree = "<group>"; };
		A3CCA45D156086E962FA779A /* libPods-MetronomeWallet.a */ = {isa = PBXFileReference; explicitFileType = archive.ar; includeInIndex = 0; path = "libPods-MetronomeWallet.a"; sourceTree = BUILT_PRODUCTS_DIR; };
		A91E97607A084DEAA49AA7B7 /* libRNSVG-tvOS.a */ = {isa = PBXFileReference; explicitFileType = undefined; fileEncoding = 9; includeInIndex = 0; lastKnownFileType = archive.ar; path = "libRNSVG-tvOS.a"; sourceTree = "<group>"; };
		AA9E64E68BF64D57AC9BCBED /* libReactNativePermissions.a */ = {isa = PBXFileReference; explicitFileType = undefined; fileEncoding = 9; includeInIndex = 0; lastKnownFileType = archive.ar; path = libReactNativePermissions.a; sourceTree = "<group>"; };
		AF3F5384DDF54AD3AEE6F2AA /* Muli-ExtraBold.ttf */ = {isa = PBXFileReference; explicitFileType = undefined; fileEncoding = 9; includeInIndex = 0; lastKnownFileType = unknown; name = "Muli-ExtraBold.ttf"; path = "../src/assets/fonts/Muli-ExtraBold.ttf"; sourceTree = "<group>"; };
		B0E37FF20C504053BC7AD075 /* libRNVersionNumber-tvOS.a */ = {isa = PBXFileReference; explicitFileType = undefined; fileEncoding = 9; includeInIndex = 0; lastKnownFileType = archive.ar; path = "libRNVersionNumber-tvOS.a"; sourceTree = "<group>"; };
		B83DC7A9C4255F954B0272CE /* Pods-MetronomeWallet-tvOS.debug.xcconfig */ = {isa = PBXFileReference; includeInIndex = 1; lastKnownFileType = text.xcconfig; name = "Pods-MetronomeWallet-tvOS.debug.xcconfig"; path = "Target Support Files/Pods-MetronomeWallet-tvOS/Pods-MetronomeWallet-tvOS.debug.xcconfig"; sourceTree = "<group>"; };
		CDEA359BDC9B445D9AA5FD02 /* libReactNativeConfig-tvOS.a */ = {isa = PBXFileReference; explicitFileType = undefined; fileEncoding = 9; includeInIndex = 0; lastKnownFileType = archive.ar; path = "libReactNativeConfig-tvOS.a"; sourceTree = "<group>"; };
		CF025B5F391E4FEB8EBD4B38 /* libRCTRestart.a */ = {isa = PBXFileReference; explicitFileType = undefined; fileEncoding = 9; includeInIndex = 0; lastKnownFileType = archive.ar; path = libRCTRestart.a; sourceTree = "<group>"; };
		D24E64A6FB554B189502081D /* CoreData.framework */ = {isa = PBXFileReference; explicitFileType = undefined; fileEncoding = 9; includeInIndex = 0; lastKnownFileType = wrapper.framework; name = CoreData.framework; path = System/Library/Frameworks/CoreData.framework; sourceTree = SDKROOT; };
		D399A48C092F41C4A2830416 /* libsqlite3.0.tbd */ = {isa = PBXFileReference; explicitFileType = undefined; fileEncoding = 9; includeInIndex = 0; lastKnownFileType = "sourcecode.text-based-dylib-definition"; name = libsqlite3.0.tbd; path = usr/lib/libsqlite3.0.tbd; sourceTree = SDKROOT; };
		E481A76E2F734E8FA8995FF6 /* libRNCAsyncStorage.a */ = {isa = PBXFileReference; explicitFileType = undefined; fileEncoding = 9; includeInIndex = 0; lastKnownFileType = archive.ar; path = libRNCAsyncStorage.a; sourceTree = "<group>"; };
		EAFEE99726937F1E00C1F3EC /* MetronomeWallet-Bridging-Header.h */ = {isa = PBXFileReference; lastKnownFileType = sourcecode.c.h; path = "MetronomeWallet-Bridging-Header.h"; sourceTree = "<group>"; };
		EAFEE99826937F1E00C1F3EC /* MetronomeWallet-tvOS-Bridging-Header.h */ = {isa = PBXFileReference; lastKnownFileType = sourcecode.c.h; path = "MetronomeWallet-tvOS-Bridging-Header.h"; sourceTree = "<group>"; };
		EAFEE9A72693909600C1F3EC /* Base */ = {isa = PBXFileReference; lastKnownFileType = file.storyboard; name = Base; path = MetronomeWallet/Base.lproj/LaunchScreen.storyboard; sourceTree = "<group>"; };
		EB3CE76458514F3BB3D91F43 /* libRNSentry.a */ = {isa = PBXFileReference; explicitFileType = undefined; fileEncoding = 9; includeInIndex = 0; lastKnownFileType = archive.ar; path = libRNSentry.a; sourceTree = "<group>"; };
		F0832C7746A9C2350F92BE1B /* Pods-MetronomeWallet.debug.xcconfig */ = {isa = PBXFileReference; includeInIndex = 1; lastKnownFileType = text.xcconfig; name = "Pods-MetronomeWallet.debug.xcconfig"; path = "Target Support Files/Pods-MetronomeWallet/Pods-MetronomeWallet.debug.xcconfig"; sourceTree = "<group>"; };
		F78708F83912247238789839 /* Pods-MetronomeWallet-tvOSTests.release.xcconfig */ = {isa = PBXFileReference; includeInIndex = 1; lastKnownFileType = text.xcconfig; name = "Pods-MetronomeWallet-tvOSTests.release.xcconfig"; path = "Target Support Files/Pods-MetronomeWallet-tvOSTests/Pods-MetronomeWallet-tvOSTests.release.xcconfig"; sourceTree = "<group>"; };
		F7CE1171A64F4B9DB473EC6B /* libRNKeychain.a */ = {isa = PBXFileReference; explicitFileType = undefined; fileEncoding = 9; includeInIndex = 0; lastKnownFileType = archive.ar; path = libRNKeychain.a; sourceTree = "<group>"; };
		F8424604A73B4339BBBC6E91 /* libRNRandomBytes.a */ = {isa = PBXFileReference; explicitFileType = undefined; fileEncoding = 9; includeInIndex = 0; lastKnownFileType = archive.ar; path = libRNRandomBytes.a; sourceTree = "<group>"; };
/* End PBXFileReference section */

/* Begin PBXFrameworksBuildPhase section */
		00E356EB1AD99517003FC87E /* Frameworks */ = {
			isa = PBXFrameworksBuildPhase;
			buildActionMask = 2147483647;
			files = (
				DBD029BC44CACB99059E41B3 /* libPods-MetronomeWallet-MetronomeWalletTests.a in Frameworks */,
			);
			runOnlyForDeploymentPostprocessing = 0;
		};
		13B07F8C1A680F5B00A75B9A /* Frameworks */ = {
			isa = PBXFrameworksBuildPhase;
			buildActionMask = 2147483647;
			files = (
				6E67B6FC234539BA001A9F5E /* JavaScriptCore.framework in Frameworks */,
				582CE6F1FACF498EAF169FB9 /* libRNRandomBytes.a in Frameworks */,
				48A4DE50DBE74FFAB527988F /* libRNSVG.a in Frameworks */,
				71258101B23A4B62A49F6291 /* libRNCamera.a in Frameworks */,
				D8602807D6864220A378E42E /* libReactNativePermissions.a in Frameworks */,
				54E32A1D7CCE4D738016354D /* libRNKeychain.a in Frameworks */,
				2C08ED3AA7E049BD9F51F63D /* libSplashScreen.a in Frameworks */,
				F46FB9B6839C4DC68929E515 /* libRCTRestart.a in Frameworks */,
				20EDEF9721404E95895EAD0C /* libRCTGoogleAnalyticsBridge.a in Frameworks */,
				C2DDBB831CAA43DBB3D02A9B /* CoreData.framework in Frameworks */,
				3AF5FC90CC3B4F2F9104DE87 /* SystemConfiguration.framework in Frameworks */,
				31A35B5643284BDB8ABA77A4 /* libz.tbd in Frameworks */,
				9BA45F6446224B1EAA096D1E /* libsqlite3.0.tbd in Frameworks */,
				51F387C36C9840288FDC8B4F /* libz.tbd in Frameworks */,
				33F047410B5446599B3077D5 /* libRNVersionNumber.a in Frameworks */,
				959E305E0365497E9DE2BE23 /* libReactNativeConfig.a in Frameworks */,
				BB1B18299233499D99BA49B4 /* libRNCAsyncStorage.a in Frameworks */,
				B974D79574A34538A639E691 /* libRNSentry.a in Frameworks */,
				855A1CD9F95DEB492582652A /* libPods-MetronomeWallet.a in Frameworks */,
			);
			runOnlyForDeploymentPostprocessing = 0;
		};
		2D02E4781E0B4A5D006451C7 /* Frameworks */ = {
			isa = PBXFrameworksBuildPhase;
			buildActionMask = 2147483647;
			files = (
				893FE8B869894FB9B23C6D05 /* libRNSVG-tvOS.a in Frameworks */,
				0C59DDA5B2FF41619CA3B794 /* libRNVersionNumber-tvOS.a in Frameworks */,
				BE538D6A115E434FA4F20F22 /* libReactNativeConfig-tvOS.a in Frameworks */,
				3472FB86E7604C33B17DDCE8 /* libRNSentry-tvOS.a in Frameworks */,
				2B4189A7524D24D0BFB2CCE1 /* libPods-MetronomeWallet-tvOS.a in Frameworks */,
			);
			runOnlyForDeploymentPostprocessing = 0;
		};
		2D02E48D1E0B4A5D006451C7 /* Frameworks */ = {
			isa = PBXFrameworksBuildPhase;
			buildActionMask = 2147483647;
			files = (
				D7882272A32944477338B666 /* libPods-MetronomeWallet-tvOSTests.a in Frameworks */,
			);
			runOnlyForDeploymentPostprocessing = 0;
		};
/* End PBXFrameworksBuildPhase section */

/* Begin PBXGroup section */
		00E356EF1AD99517003FC87E /* MetronomeWalletTests */ = {
			isa = PBXGroup;
			children = (
				00E356F21AD99517003FC87E /* MetronomeWalletTests.m */,
				00E356F01AD99517003FC87E /* Supporting Files */,
			);
			path = MetronomeWalletTests;
			sourceTree = "<group>";
		};
		00E356F01AD99517003FC87E /* Supporting Files */ = {
			isa = PBXGroup;
			children = (
				00E356F11AD99517003FC87E /* Info.plist */,
			);
			name = "Supporting Files";
			sourceTree = "<group>";
		};
		13B07FAE1A68108700A75B9A /* MetronomeWallet */ = {
			isa = PBXGroup;
			children = (
				EAFEE9A62693909600C1F3EC /* LaunchScreen.storyboard */,
				008F07F21AC5B25A0029DE68 /* main.jsbundle */,
				13B07FAF1A68108700A75B9A /* AppDelegate.h */,
				13B07FB01A68108700A75B9A /* AppDelegate.m */,
				13B07FB51A68108700A75B9A /* Images.xcassets */,
				13B07FB61A68108700A75B9A /* Info.plist */,
				13B07FB71A68108700A75B9A /* main.m */,
				EAFEE99726937F1E00C1F3EC /* MetronomeWallet-Bridging-Header.h */,
				EAFEE99826937F1E00C1F3EC /* MetronomeWallet-tvOS-Bridging-Header.h */,
			);
			name = MetronomeWallet;
			sourceTree = "<group>";
		};
		5938B4A704B1456CA1B5B56C /* Resources */ = {
			isa = PBXGroup;
			children = (
				22724B10EEF54C3093BFFE08 /* Muli-Black.ttf */,
				45F24EAB860D477AA6B9CF03 /* Muli-Bold.ttf */,
				AF3F5384DDF54AD3AEE6F2AA /* Muli-ExtraBold.ttf */,
				62004C1DB57C4895902766AA /* Muli-ExtraLight.ttf */,
				058621A58716455EB839BD65 /* Muli-Light.ttf */,
				491F23FF9EAD46ADAADE261F /* Muli-Regular.ttf */,
				8E722C5AED644754B9922FC0 /* Muli-SemiBold.ttf */,
			);
			name = Resources;
			sourceTree = "<group>";
		};
		6E04E11B212F1C540089F217 /* Frameworks */ = {
			isa = PBXGroup;
			children = (
				6E67B6C4234539BA001A9F5E /* JavaScriptCore.framework */,
				D24E64A6FB554B189502081D /* CoreData.framework */,
				7AEEFF4D691340C5B036964B /* SystemConfiguration.framework */,
				959CD66503A347BC89487B04 /* libz.tbd */,
				D399A48C092F41C4A2830416 /* libsqlite3.0.tbd */,
				3D109037C3C546FEA03DA448 /* libz.tbd */,
				A3CCA45D156086E962FA779A /* libPods-MetronomeWallet.a */,
				0DAAD710378391046DED8795 /* libPods-MetronomeWallet-tvOS.a */,
				7E020A311419CD576E1EDD22 /* libPods-MetronomeWallet-tvOSTests.a */,
				725F187855110FE0642886FE /* libPods-MetronomeWallet-MetronomeWalletTests.a */,
			);
			name = Frameworks;
			sourceTree = "<group>";
		};
		6EA62FAC2093B7010096BADB /* Recovered References */ = {
			isa = PBXGroup;
			children = (
				F8424604A73B4339BBBC6E91 /* libRNRandomBytes.a */,
				7E9C98BF9B0C46B6ADEE18C9 /* libRNSVG.a */,
				A1C0F3F2B0E14788AF1E62BB /* libRNCamera.a */,
				AA9E64E68BF64D57AC9BCBED /* libReactNativePermissions.a */,
				A91E97607A084DEAA49AA7B7 /* libRNSVG-tvOS.a */,
				F7CE1171A64F4B9DB473EC6B /* libRNKeychain.a */,
				2500C91B72BB4B538D154263 /* libSplashScreen.a */,
				CF025B5F391E4FEB8EBD4B38 /* libRCTRestart.a */,
				39CE92B26CD04010A4990D3A /* libRCTGoogleAnalyticsBridge.a */,
				6F07B9A7814C41F599A43E89 /* libRNVersionNumber.a */,
				B0E37FF20C504053BC7AD075 /* libRNVersionNumber-tvOS.a */,
				627E34E13AF24318AF5A370E /* libReactNativeConfig.a */,
				CDEA359BDC9B445D9AA5FD02 /* libReactNativeConfig-tvOS.a */,
				E481A76E2F734E8FA8995FF6 /* libRNCAsyncStorage.a */,
				EB3CE76458514F3BB3D91F43 /* libRNSentry.a */,
				56D6F0330F7F4D1C8CE49A95 /* libRNSentry-tvOS.a */,
			);
			name = "Recovered References";
			sourceTree = "<group>";
		};
		832341AE1AAA6A7D00B99B32 /* Libraries */ = {
			isa = PBXGroup;
			children = (
			);
			name = Libraries;
			sourceTree = "<group>";
		};
		83CBB9F61A601CBA00E9B192 = {
			isa = PBXGroup;
			children = (
				13B07FAE1A68108700A75B9A /* MetronomeWallet */,
				832341AE1AAA6A7D00B99B32 /* Libraries */,
				00E356EF1AD99517003FC87E /* MetronomeWalletTests */,
				83CBBA001A601CBA00E9B192 /* Products */,
				6EA62FAC2093B7010096BADB /* Recovered References */,
				5938B4A704B1456CA1B5B56C /* Resources */,
				6E04E11B212F1C540089F217 /* Frameworks */,
				B03B4F8AFB8E66765EA82E9C /* Pods */,
			);
			indentWidth = 2;
			sourceTree = "<group>";
			tabWidth = 2;
			usesTabs = 0;
		};
		83CBBA001A601CBA00E9B192 /* Products */ = {
			isa = PBXGroup;
			children = (
				13B07F961A680F5B00A75B9A /* MetronomeWallet.app */,
				00E356EE1AD99517003FC87E /* MetronomeWalletTests.xctest */,
				2D02E47B1E0B4A5D006451C7 /* MetronomeWallet-tvOS.app */,
				2D02E4901E0B4A5D006451C7 /* MetronomeWallet-tvOSTests.xctest */,
			);
			name = Products;
			sourceTree = "<group>";
		};
		B03B4F8AFB8E66765EA82E9C /* Pods */ = {
			isa = PBXGroup;
			children = (
				F0832C7746A9C2350F92BE1B /* Pods-MetronomeWallet.debug.xcconfig */,
				4D6676678C704E683F83D036 /* Pods-MetronomeWallet.release.xcconfig */,
				B83DC7A9C4255F954B0272CE /* Pods-MetronomeWallet-tvOS.debug.xcconfig */,
				96B6227F7B1CF49CE852DB66 /* Pods-MetronomeWallet-tvOS.release.xcconfig */,
				7BD8C4C49129726412C6C43D /* Pods-MetronomeWallet-tvOSTests.debug.xcconfig */,
				F78708F83912247238789839 /* Pods-MetronomeWallet-tvOSTests.release.xcconfig */,
				460DF1492C4BC1FC9BA9F987 /* Pods-MetronomeWalletTests.debug.xcconfig */,
				35FEC43314B95BD27D1EAE2D /* Pods-MetronomeWalletTests.release.xcconfig */,
				95CD917468E1D301122564AE /* Pods-MetronomeWallet-MetronomeWalletTests.debug.xcconfig */,
				0630C19DC2C5F417CF09C31F /* Pods-MetronomeWallet-MetronomeWalletTests.release.xcconfig */,
			);
			path = Pods;
			sourceTree = "<group>";
		};
/* End PBXGroup section */

/* Begin PBXNativeTarget section */
		00E356ED1AD99517003FC87E /* MetronomeWalletTests */ = {
			isa = PBXNativeTarget;
			buildConfigurationList = 00E357021AD99517003FC87E /* Build configuration list for PBXNativeTarget "MetronomeWalletTests" */;
			buildPhases = (
				660227CCD985166BC3829353 /* [CP] Check Pods Manifest.lock */,
				00E356EA1AD99517003FC87E /* Sources */,
				00E356EB1AD99517003FC87E /* Frameworks */,
				00E356EC1AD99517003FC87E /* Resources */,
				2057B1B4CA3BF09EF9E0DB8E /* [CP] Embed Pods Frameworks */,
				BA7E34EC42150797FE47DFD6 /* [CP] Copy Pods Resources */,
			);
			buildRules = (
			);
			dependencies = (
				00E356F51AD99517003FC87E /* PBXTargetDependency */,
			);
			name = MetronomeWalletTests;
			productName = MetronomeWalletTests;
			productReference = 00E356EE1AD99517003FC87E /* MetronomeWalletTests.xctest */;
			productType = "com.apple.product-type.bundle.unit-test";
		};
		13B07F861A680F5B00A75B9A /* MetronomeWallet */ = {
			isa = PBXNativeTarget;
			buildConfigurationList = 13B07F931A680F5B00A75B9A /* Build configuration list for PBXNativeTarget "MetronomeWallet" */;
			buildPhases = (
				7443303C7D273129337DEFCC /* [CP] Check Pods Manifest.lock */,
				13B07F871A680F5B00A75B9A /* Sources */,
				13B07F8C1A680F5B00A75B9A /* Frameworks */,
				13B07F8E1A680F5B00A75B9A /* Resources */,
				00DD1BFF1BD5951E006B06BC /* Bundle React Native code and images */,
				BFCB51F310EC4C4E84647BDC /* Upload Debug Symbols to Sentry */,
				941710D79C9A159A950FA2F2 /* [CP] Embed Pods Frameworks */,
				59264EE18F734F9C9E18E9A3 /* [CP] Copy Pods Resources */,
			);
			buildRules = (
			);
			dependencies = (
			);
			name = MetronomeWallet;
			productName = "Hello World";
			productReference = 13B07F961A680F5B00A75B9A /* MetronomeWallet.app */;
			productType = "com.apple.product-type.application";
		};
		2D02E47A1E0B4A5D006451C7 /* MetronomeWallet-tvOS */ = {
			isa = PBXNativeTarget;
			buildConfigurationList = 2D02E4BA1E0B4A5E006451C7 /* Build configuration list for PBXNativeTarget "MetronomeWallet-tvOS" */;
			buildPhases = (
				83E2F845D98258DCA5BE35A3 /* [CP] Check Pods Manifest.lock */,
				2D02E4771E0B4A5D006451C7 /* Sources */,
				2D02E4781E0B4A5D006451C7 /* Frameworks */,
				2D02E4791E0B4A5D006451C7 /* Resources */,
				2D02E4CB1E0B4B27006451C7 /* Bundle React Native Code And Images */,
			);
			buildRules = (
			);
			dependencies = (
			);
			name = "MetronomeWallet-tvOS";
			productName = "MetronomeWallet-tvOS";
			productReference = 2D02E47B1E0B4A5D006451C7 /* MetronomeWallet-tvOS.app */;
			productType = "com.apple.product-type.application";
		};
		2D02E48F1E0B4A5D006451C7 /* MetronomeWallet-tvOSTests */ = {
			isa = PBXNativeTarget;
			buildConfigurationList = 2D02E4BB1E0B4A5E006451C7 /* Build configuration list for PBXNativeTarget "MetronomeWallet-tvOSTests" */;
			buildPhases = (
				7E48FFC230CE0A759FBE6301 /* [CP] Check Pods Manifest.lock */,
				2D02E48C1E0B4A5D006451C7 /* Sources */,
				2D02E48D1E0B4A5D006451C7 /* Frameworks */,
				2D02E48E1E0B4A5D006451C7 /* Resources */,
			);
			buildRules = (
			);
			dependencies = (
				2D02E4921E0B4A5D006451C7 /* PBXTargetDependency */,
			);
			name = "MetronomeWallet-tvOSTests";
			productName = "MetronomeWallet-tvOSTests";
			productReference = 2D02E4901E0B4A5D006451C7 /* MetronomeWallet-tvOSTests.xctest */;
			productType = "com.apple.product-type.bundle.unit-test";
		};
/* End PBXNativeTarget section */

/* Begin PBXProject section */
		83CBB9F71A601CBA00E9B192 /* Project object */ = {
			isa = PBXProject;
			attributes = {
				LastUpgradeCheck = 610;
				ORGANIZATIONNAME = "";
				TargetAttributes = {
					00E356ED1AD99517003FC87E = {
						CreatedOnToolsVersion = 6.2;
						DevelopmentTeam = 99Y6CF5TBP;
						ProvisioningStyle = Manual;
						TestTargetID = 13B07F861A680F5B00A75B9A;
					};
					13B07F861A680F5B00A75B9A = {
						DevelopmentTeam = 99Y6CF5TBP;
						LastSwiftMigration = 1250;
						ProvisioningStyle = Manual;
					};
					2D02E47A1E0B4A5D006451C7 = {
						CreatedOnToolsVersion = 8.2.1;
						DevelopmentTeam = P7AF4RFC66;
						LastSwiftMigration = 1250;
						ProvisioningStyle = Automatic;
					};
					2D02E48F1E0B4A5D006451C7 = {
						CreatedOnToolsVersion = 8.2.1;
						ProvisioningStyle = Automatic;
						TestTargetID = 2D02E47A1E0B4A5D006451C7;
					};
				};
			};
			buildConfigurationList = 83CBB9FA1A601CBA00E9B192 /* Build configuration list for PBXProject "MetronomeWallet" */;
			compatibilityVersion = "Xcode 10.0";
			developmentRegion = English;
			hasScannedForEncodings = 0;
			knownRegions = (
				English,
				en,
				Base,
			);
			mainGroup = 83CBB9F61A601CBA00E9B192;
			productRefGroup = 83CBBA001A601CBA00E9B192 /* Products */;
			projectDirPath = "";
			projectRoot = "";
			targets = (
				13B07F861A680F5B00A75B9A /* MetronomeWallet */,
				00E356ED1AD99517003FC87E /* MetronomeWalletTests */,
				2D02E47A1E0B4A5D006451C7 /* MetronomeWallet-tvOS */,
				2D02E48F1E0B4A5D006451C7 /* MetronomeWallet-tvOSTests */,
			);
		};
/* End PBXProject section */

/* Begin PBXResourcesBuildPhase section */
		00E356EC1AD99517003FC87E /* Resources */ = {
			isa = PBXResourcesBuildPhase;
			buildActionMask = 2147483647;
			files = (
			);
			runOnlyForDeploymentPostprocessing = 0;
		};
		13B07F8E1A680F5B00A75B9A /* Resources */ = {
			isa = PBXResourcesBuildPhase;
			buildActionMask = 2147483647;
			files = (
				6E05C04722443E120079D89F /* main.jsbundle in Resources */,
				13B07FBF1A68108700A75B9A /* Images.xcassets in Resources */,
				55647811063842D8A2C27AA3 /* Muli-Black.ttf in Resources */,
				36895E210EE74553839B1885 /* Muli-Bold.ttf in Resources */,
				5CAE73799A364F86BEEFCF2B /* Muli-ExtraBold.ttf in Resources */,
				82FC647E3199444BA2696F68 /* Muli-ExtraLight.ttf in Resources */,
				3FB876A445C3466EA1815F4D /* Muli-Light.ttf in Resources */,
				D952597F8E62455AAE0BCB46 /* Muli-Regular.ttf in Resources */,
				EAFEE9A82693909600C1F3EC /* LaunchScreen.storyboard in Resources */,
				35FAB6970D3C49928074A7E5 /* Muli-SemiBold.ttf in Resources */,
			);
			runOnlyForDeploymentPostprocessing = 0;
		};
		2D02E4791E0B4A5D006451C7 /* Resources */ = {
			isa = PBXResourcesBuildPhase;
			buildActionMask = 2147483647;
			files = (
				2D02E4BD1E0B4A84006451C7 /* Images.xcassets in Resources */,
				EAFEE9A92693909600C1F3EC /* LaunchScreen.storyboard in Resources */,
			);
			runOnlyForDeploymentPostprocessing = 0;
		};
		2D02E48E1E0B4A5D006451C7 /* Resources */ = {
			isa = PBXResourcesBuildPhase;
			buildActionMask = 2147483647;
			files = (
			);
			runOnlyForDeploymentPostprocessing = 0;
		};
/* End PBXResourcesBuildPhase section */

/* Begin PBXShellScriptBuildPhase section */
		00DD1BFF1BD5951E006B06BC /* Bundle React Native code and images */ = {
			isa = PBXShellScriptBuildPhase;
			buildActionMask = 2147483647;
			files = (
			);
			inputPaths = (
			);
			name = "Bundle React Native code and images";
			outputPaths = (
			);
			runOnlyForDeploymentPostprocessing = 0;
			shellPath = /bin/sh;
			shellScript = "export NODE_BINARY=node\nexport SENTRY_PROPERTIES=sentry.properties\n\n../node_modules/@sentry/cli/bin/sentry-cli --log-level TRACE \\\n  react-native xcode ../node_modules/react-native/scripts/react-native-xcode.sh\n";
			showEnvVarsInLog = 0;
		};
		2057B1B4CA3BF09EF9E0DB8E /* [CP] Embed Pods Frameworks */ = {
			isa = PBXShellScriptBuildPhase;
			buildActionMask = 2147483647;
			files = (
			);
			inputFileListPaths = (
				"${PODS_ROOT}/Target Support Files/Pods-MetronomeWallet-MetronomeWalletTests/Pods-MetronomeWallet-MetronomeWalletTests-frameworks-${CONFIGURATION}-input-files.xcfilelist",
			);
			name = "[CP] Embed Pods Frameworks";
			outputFileListPaths = (
				"${PODS_ROOT}/Target Support Files/Pods-MetronomeWallet-MetronomeWalletTests/Pods-MetronomeWallet-MetronomeWalletTests-frameworks-${CONFIGURATION}-output-files.xcfilelist",
			);
			runOnlyForDeploymentPostprocessing = 0;
			shellPath = /bin/sh;
			shellScript = "\"${PODS_ROOT}/Target Support Files/Pods-MetronomeWallet-MetronomeWalletTests/Pods-MetronomeWallet-MetronomeWalletTests-frameworks.sh\"\n";
			showEnvVarsInLog = 0;
		};
		2D02E4CB1E0B4B27006451C7 /* Bundle React Native Code And Images */ = {
			isa = PBXShellScriptBuildPhase;
			buildActionMask = 2147483647;
			files = (
			);
			inputPaths = (
			);
			name = "Bundle React Native Code And Images";
			outputPaths = (
			);
			runOnlyForDeploymentPostprocessing = 0;
			shellPath = /bin/sh;
			shellScript = "export SENTRY_PROPERTIES=sentry.properties\nexport NODE_BINARY=node\n../node_modules/@sentry/cli/bin/sentry-cli react-native xcode ../node_modules/react-native/scripts/react-native-xcode.sh";
		};
		59264EE18F734F9C9E18E9A3 /* [CP] Copy Pods Resources */ = {
			isa = PBXShellScriptBuildPhase;
			buildActionMask = 2147483647;
			files = (
			);
			inputFileListPaths = (
				"${PODS_ROOT}/Target Support Files/Pods-MetronomeWallet/Pods-MetronomeWallet-resources-${CONFIGURATION}-input-files.xcfilelist",
			);
			name = "[CP] Copy Pods Resources";
			outputFileListPaths = (
				"${PODS_ROOT}/Target Support Files/Pods-MetronomeWallet/Pods-MetronomeWallet-resources-${CONFIGURATION}-output-files.xcfilelist",
			);
			runOnlyForDeploymentPostprocessing = 0;
			shellPath = /bin/sh;
			shellScript = "\"${PODS_ROOT}/Target Support Files/Pods-MetronomeWallet/Pods-MetronomeWallet-resources.sh\"\n";
			showEnvVarsInLog = 0;
		};
		660227CCD985166BC3829353 /* [CP] Check Pods Manifest.lock */ = {
			isa = PBXShellScriptBuildPhase;
			buildActionMask = 2147483647;
			files = (
			);
			inputFileListPaths = (
			);
			inputPaths = (
				"${PODS_PODFILE_DIR_PATH}/Podfile.lock",
				"${PODS_ROOT}/Manifest.lock",
			);
			name = "[CP] Check Pods Manifest.lock";
			outputFileListPaths = (
			);
			outputPaths = (
				"$(DERIVED_FILE_DIR)/Pods-MetronomeWallet-MetronomeWalletTests-checkManifestLockResult.txt",
			);
			runOnlyForDeploymentPostprocessing = 0;
			shellPath = /bin/sh;
			shellScript = "diff \"${PODS_PODFILE_DIR_PATH}/Podfile.lock\" \"${PODS_ROOT}/Manifest.lock\" > /dev/null\nif [ $? != 0 ] ; then\n    # print error to STDERR\n    echo \"error: The sandbox is not in sync with the Podfile.lock. Run 'pod install' or update your CocoaPods installation.\" >&2\n    exit 1\nfi\n# This output is used by Xcode 'outputs' to avoid re-running this script phase.\necho \"SUCCESS\" > \"${SCRIPT_OUTPUT_FILE_0}\"\n";
			showEnvVarsInLog = 0;
		};
		7443303C7D273129337DEFCC /* [CP] Check Pods Manifest.lock */ = {
			isa = PBXShellScriptBuildPhase;
			buildActionMask = 2147483647;
			files = (
			);
			inputFileListPaths = (
			);
			inputPaths = (
				"${PODS_PODFILE_DIR_PATH}/Podfile.lock",
				"${PODS_ROOT}/Manifest.lock",
			);
			name = "[CP] Check Pods Manifest.lock";
			outputFileListPaths = (
			);
			outputPaths = (
				"$(DERIVED_FILE_DIR)/Pods-MetronomeWallet-checkManifestLockResult.txt",
			);
			runOnlyForDeploymentPostprocessing = 0;
			shellPath = /bin/sh;
			shellScript = "diff \"${PODS_PODFILE_DIR_PATH}/Podfile.lock\" \"${PODS_ROOT}/Manifest.lock\" > /dev/null\nif [ $? != 0 ] ; then\n    # print error to STDERR\n    echo \"error: The sandbox is not in sync with the Podfile.lock. Run 'pod install' or update your CocoaPods installation.\" >&2\n    exit 1\nfi\n# This output is used by Xcode 'outputs' to avoid re-running this script phase.\necho \"SUCCESS\" > \"${SCRIPT_OUTPUT_FILE_0}\"\n";
			showEnvVarsInLog = 0;
		};
		7E48FFC230CE0A759FBE6301 /* [CP] Check Pods Manifest.lock */ = {
			isa = PBXShellScriptBuildPhase;
			buildActionMask = 2147483647;
			files = (
			);
			inputFileListPaths = (
			);
			inputPaths = (
				"${PODS_PODFILE_DIR_PATH}/Podfile.lock",
				"${PODS_ROOT}/Manifest.lock",
			);
			name = "[CP] Check Pods Manifest.lock";
			outputFileListPaths = (
			);
			outputPaths = (
				"$(DERIVED_FILE_DIR)/Pods-MetronomeWallet-tvOSTests-checkManifestLockResult.txt",
			);
			runOnlyForDeploymentPostprocessing = 0;
			shellPath = /bin/sh;
			shellScript = "diff \"${PODS_PODFILE_DIR_PATH}/Podfile.lock\" \"${PODS_ROOT}/Manifest.lock\" > /dev/null\nif [ $? != 0 ] ; then\n    # print error to STDERR\n    echo \"error: The sandbox is not in sync with the Podfile.lock. Run 'pod install' or update your CocoaPods installation.\" >&2\n    exit 1\nfi\n# This output is used by Xcode 'outputs' to avoid re-running this script phase.\necho \"SUCCESS\" > \"${SCRIPT_OUTPUT_FILE_0}\"\n";
			showEnvVarsInLog = 0;
		};
		83E2F845D98258DCA5BE35A3 /* [CP] Check Pods Manifest.lock */ = {
			isa = PBXShellScriptBuildPhase;
			buildActionMask = 2147483647;
			files = (
			);
			inputFileListPaths = (
			);
			inputPaths = (
				"${PODS_PODFILE_DIR_PATH}/Podfile.lock",
				"${PODS_ROOT}/Manifest.lock",
			);
			name = "[CP] Check Pods Manifest.lock";
			outputFileListPaths = (
			);
			outputPaths = (
				"$(DERIVED_FILE_DIR)/Pods-MetronomeWallet-tvOS-checkManifestLockResult.txt",
			);
			runOnlyForDeploymentPostprocessing = 0;
			shellPath = /bin/sh;
			shellScript = "diff \"${PODS_PODFILE_DIR_PATH}/Podfile.lock\" \"${PODS_ROOT}/Manifest.lock\" > /dev/null\nif [ $? != 0 ] ; then\n    # print error to STDERR\n    echo \"error: The sandbox is not in sync with the Podfile.lock. Run 'pod install' or update your CocoaPods installation.\" >&2\n    exit 1\nfi\n# This output is used by Xcode 'outputs' to avoid re-running this script phase.\necho \"SUCCESS\" > \"${SCRIPT_OUTPUT_FILE_0}\"\n";
			showEnvVarsInLog = 0;
		};
		941710D79C9A159A950FA2F2 /* [CP] Embed Pods Frameworks */ = {
			isa = PBXShellScriptBuildPhase;
			buildActionMask = 2147483647;
			files = (
			);
			inputFileListPaths = (
				"${PODS_ROOT}/Target Support Files/Pods-MetronomeWallet/Pods-MetronomeWallet-frameworks-${CONFIGURATION}-input-files.xcfilelist",
			);
			name = "[CP] Embed Pods Frameworks";
			outputFileListPaths = (
				"${PODS_ROOT}/Target Support Files/Pods-MetronomeWallet/Pods-MetronomeWallet-frameworks-${CONFIGURATION}-output-files.xcfilelist",
			);
			runOnlyForDeploymentPostprocessing = 0;
			shellPath = /bin/sh;
			shellScript = "\"${PODS_ROOT}/Target Support Files/Pods-MetronomeWallet/Pods-MetronomeWallet-frameworks.sh\"\n";
			showEnvVarsInLog = 0;
		};
		BA7E34EC42150797FE47DFD6 /* [CP] Copy Pods Resources */ = {
			isa = PBXShellScriptBuildPhase;
			buildActionMask = 2147483647;
			files = (
			);
			inputFileListPaths = (
				"${PODS_ROOT}/Target Support Files/Pods-MetronomeWallet-MetronomeWalletTests/Pods-MetronomeWallet-MetronomeWalletTests-resources-${CONFIGURATION}-input-files.xcfilelist",
			);
			name = "[CP] Copy Pods Resources";
			outputFileListPaths = (
				"${PODS_ROOT}/Target Support Files/Pods-MetronomeWallet-MetronomeWalletTests/Pods-MetronomeWallet-MetronomeWalletTests-resources-${CONFIGURATION}-output-files.xcfilelist",
			);
			runOnlyForDeploymentPostprocessing = 0;
			shellPath = /bin/sh;
			shellScript = "\"${PODS_ROOT}/Target Support Files/Pods-MetronomeWallet-MetronomeWalletTests/Pods-MetronomeWallet-MetronomeWalletTests-resources.sh\"\n";
			showEnvVarsInLog = 0;
		};
		BFCB51F310EC4C4E84647BDC /* Upload Debug Symbols to Sentry */ = {
			isa = PBXShellScriptBuildPhase;
			buildActionMask = 2147483647;
			files = (
			);
			inputPaths = (
			);
			name = "Upload Debug Symbols to Sentry";
			outputPaths = (
			);
			runOnlyForDeploymentPostprocessing = 0;
			shellPath = /bin/sh;
			shellScript = "export SENTRY_PROPERTIES=sentry.properties\n../node_modules/@sentry/cli/bin/sentry-cli upload-dsym\n";
		};
/* End PBXShellScriptBuildPhase section */

/* Begin PBXSourcesBuildPhase section */
		00E356EA1AD99517003FC87E /* Sources */ = {
			isa = PBXSourcesBuildPhase;
			buildActionMask = 2147483647;
			files = (
				00E356F31AD99517003FC87E /* MetronomeWalletTests.m in Sources */,
			);
			runOnlyForDeploymentPostprocessing = 0;
		};
		13B07F871A680F5B00A75B9A /* Sources */ = {
			isa = PBXSourcesBuildPhase;
			buildActionMask = 2147483647;
			files = (
				13B07FBC1A68108700A75B9A /* AppDelegate.m in Sources */,
				13B07FC11A68108700A75B9A /* main.m in Sources */,
			);
			runOnlyForDeploymentPostprocessing = 0;
		};
		2D02E4771E0B4A5D006451C7 /* Sources */ = {
			isa = PBXSourcesBuildPhase;
			buildActionMask = 2147483647;
			files = (
				2D02E4BF1E0B4AB3006451C7 /* main.m in Sources */,
				2D02E4BC1E0B4A80006451C7 /* AppDelegate.m in Sources */,
			);
			runOnlyForDeploymentPostprocessing = 0;
		};
		2D02E48C1E0B4A5D006451C7 /* Sources */ = {
			isa = PBXSourcesBuildPhase;
			buildActionMask = 2147483647;
			files = (
				2DCD954D1E0B4F2C00145EB5 /* MetronomeWalletTests.m in Sources */,
			);
			runOnlyForDeploymentPostprocessing = 0;
		};
/* End PBXSourcesBuildPhase section */

/* Begin PBXTargetDependency section */
		00E356F51AD99517003FC87E /* PBXTargetDependency */ = {
			isa = PBXTargetDependency;
			target = 13B07F861A680F5B00A75B9A /* MetronomeWallet */;
			targetProxy = 00E356F41AD99517003FC87E /* PBXContainerItemProxy */;
		};
		2D02E4921E0B4A5D006451C7 /* PBXTargetDependency */ = {
			isa = PBXTargetDependency;
			target = 2D02E47A1E0B4A5D006451C7 /* MetronomeWallet-tvOS */;
			targetProxy = 2D02E4911E0B4A5D006451C7 /* PBXContainerItemProxy */;
		};
/* End PBXTargetDependency section */

/* Begin PBXVariantGroup section */
		EAFEE9A62693909600C1F3EC /* LaunchScreen.storyboard */ = {
			isa = PBXVariantGroup;
			children = (
				EAFEE9A72693909600C1F3EC /* Base */,
			);
			name = LaunchScreen.storyboard;
			sourceTree = "<group>";
		};
/* End PBXVariantGroup section */

/* Begin XCBuildConfiguration section */
		00E356F61AD99517003FC87E /* Debug */ = {
			isa = XCBuildConfiguration;
			baseConfigurationReference = 95CD917468E1D301122564AE /* Pods-MetronomeWallet-MetronomeWalletTests.debug.xcconfig */;
			buildSettings = {
				BUNDLE_LOADER = "$(TEST_HOST)";
				CODE_SIGN_STYLE = Manual;
				DEVELOPMENT_TEAM = 99Y6CF5TBP;
				GCC_PREPROCESSOR_DEFINITIONS = (
					"DEBUG=1",
					"$(inherited)",
				);
				HEADER_SEARCH_PATHS = (
					"$(inherited)",
					"$(SRCROOT)/../node_modules/react-native-randombytes",
					"$(SRCROOT)/../node_modules/react-native-svg/ios/**",
					"$(SRCROOT)/../node_modules/react-native-camera/ios/**",
					"$(SRCROOT)/../node_modules/react-native-permissions/ios/**",
					"$(SRCROOT)/../node_modules/react-native-keychain/RNKeychainManager",
					"$(SRCROOT)/../node_modules/react-native-splash-screen/ios",
					"$(SRCROOT)/../node_modules/react-native-restart/ios/RCTRestart/**",
					"$(SRCROOT)/../node_modules/react-native-google-analytics-bridge/ios/RCTGoogleAnalyticsBridge/**",
					"$(SRCROOT)/../node_modules/react-native-version-number/ios",
					"$(SRCROOT)/../node_modules/react-native-config/ios/ReactNativeConfig",
					"$(SRCROOT)/../node_modules/@react-native-community/async-storage/ios",
					"$(SRCROOT)/../node_modules/react-native-sentry/ios/**",
				);
				INFOPLIST_FILE = MetronomeWalletTests/Info.plist;
				IPHONEOS_DEPLOYMENT_TARGET = 12.1;
				LD_RUNPATH_SEARCH_PATHS = (
					"$(inherited)",
					"@executable_path/Frameworks",
					"@loader_path/Frameworks",
				);
				LIBRARY_SEARCH_PATHS = (
					"$(inherited)",
					"\"$(SRCROOT)/$(TARGET_NAME)\"",
					"\"$(SRCROOT)/$(TARGET_NAME)\"",
				);
				OTHER_LDFLAGS = (
					"-ObjC",
					"-lc++",
				);
				PRODUCT_NAME = "$(TARGET_NAME)";
				PROVISIONING_PROFILE_SPECIFIER = "";
				TEST_HOST = "$(BUILT_PRODUCTS_DIR)/MetronomeWallet.app/MetronomeWallet";
			};
			name = Debug;
		};
		00E356F71AD99517003FC87E /* Release */ = {
			isa = XCBuildConfiguration;
			baseConfigurationReference = 0630C19DC2C5F417CF09C31F /* Pods-MetronomeWallet-MetronomeWalletTests.release.xcconfig */;
			buildSettings = {
				BUNDLE_LOADER = "$(TEST_HOST)";
				CODE_SIGN_STYLE = Manual;
				COPY_PHASE_STRIP = NO;
				DEVELOPMENT_TEAM = 99Y6CF5TBP;
				HEADER_SEARCH_PATHS = (
					"$(inherited)",
					"$(SRCROOT)/../node_modules/react-native-randombytes",
					"$(SRCROOT)/../node_modules/react-native-svg/ios/**",
					"$(SRCROOT)/../node_modules/react-native-camera/ios/**",
					"$(SRCROOT)/../node_modules/react-native-permissions/ios/**",
					"$(SRCROOT)/../node_modules/react-native-keychain/RNKeychainManager",
					"$(SRCROOT)/../node_modules/react-native-splash-screen/ios",
					"$(SRCROOT)/../node_modules/react-native-restart/ios/RCTRestart/**",
					"$(SRCROOT)/../node_modules/react-native-google-analytics-bridge/ios/RCTGoogleAnalyticsBridge/**",
					"$(SRCROOT)/../node_modules/react-native-version-number/ios",
					"$(SRCROOT)/../node_modules/react-native-config/ios/ReactNativeConfig",
					"$(SRCROOT)/../node_modules/@react-native-community/async-storage/ios",
					"$(SRCROOT)/../node_modules/react-native-sentry/ios/**",
				);
				INFOPLIST_FILE = MetronomeWalletTests/Info.plist;
				IPHONEOS_DEPLOYMENT_TARGET = 12.1;
				LD_RUNPATH_SEARCH_PATHS = (
					"$(inherited)",
					"@executable_path/Frameworks",
					"@loader_path/Frameworks",
				);
				LIBRARY_SEARCH_PATHS = (
					"$(inherited)",
					"\"$(SRCROOT)/$(TARGET_NAME)\"",
					"\"$(SRCROOT)/$(TARGET_NAME)\"",
				);
				OTHER_LDFLAGS = (
					"-ObjC",
					"-lc++",
				);
				PRODUCT_NAME = "$(TARGET_NAME)";
				PROVISIONING_PROFILE_SPECIFIER = "";
				TEST_HOST = "$(BUILT_PRODUCTS_DIR)/MetronomeWallet.app/MetronomeWallet";
			};
			name = Release;
		};
		13B07F941A680F5B00A75B9A /* Debug */ = {
			isa = XCBuildConfiguration;
			baseConfigurationReference = F0832C7746A9C2350F92BE1B /* Pods-MetronomeWallet.debug.xcconfig */;
			buildSettings = {
				ASSETCATALOG_COMPILER_APPICON_NAME = AppIcon;
				CLANG_ENABLE_MODULES = YES;
				CODE_SIGN_STYLE = Manual;
				CURRENT_PROJECT_VERSION = 17;
				DEAD_CODE_STRIPPING = NO;
				DEVELOPMENT_TEAM = 99Y6CF5TBP;
				HEADER_SEARCH_PATHS = (
					"$(inherited)",
					"$(SRCROOT)/../node_modules/react-native-randombytes",
					"$(SRCROOT)/../node_modules/react-native-svg/ios/**",
					"$(SRCROOT)/../node_modules/react-native-camera/ios/**",
					"$(SRCROOT)/../node_modules/react-native-permissions/ios/**",
					"$(SRCROOT)/../node_modules/react-native-keychain/RNKeychainManager",
					"$(SRCROOT)/../node_modules/react-native-splash-screen/ios/**",
					"$(SRCROOT)/../node_modules/react-native-restart/ios/RCTRestart/**",
					"$(SRCROOT)/../node_modules/react-native-google-analytics-bridge/ios/RCTGoogleAnalyticsBridge/**",
					"$(SRCROOT)/../node_modules/react-native-version-number/ios",
					"$(SRCROOT)/../node_modules/react-native-config/ios/ReactNativeConfig",
					"$(SRCROOT)/../node_modules/@react-native-community/async-storage/ios",
					"$(SRCROOT)/../node_modules/react-native-sentry/ios/**",
				);
				INFOPLIST_FILE = MetronomeWallet/Info.plist;
				LD_RUNPATH_SEARCH_PATHS = (
					"$(inherited)",
					"@executable_path/Frameworks",
				);
				OTHER_LDFLAGS = (
					"$(inherited)",
					"-ObjC",
					"-lc++",
				);
				PRODUCT_BUNDLE_IDENTIFIER = sh.autonomous.wallet.mobile;
				PRODUCT_NAME = MetronomeWallet;
				PROVISIONING_PROFILE_SPECIFIER = "match Development sh.autonomous.wallet.mobile";
				SWIFT_OBJC_BRIDGING_HEADER = "MetronomeWallet-Bridging-Header.h";
				SWIFT_OPTIMIZATION_LEVEL = "-Onone";
				SWIFT_VERSION = 5.0;
				TARGETED_DEVICE_FAMILY = 1;
				VERSIONING_SYSTEM = "apple-generic";
			};
			name = Debug;
		};
		13B07F951A680F5B00A75B9A /* Release */ = {
			isa = XCBuildConfiguration;
			baseConfigurationReference = 4D6676678C704E683F83D036 /* Pods-MetronomeWallet.release.xcconfig */;
			buildSettings = {
				ASSETCATALOG_COMPILER_APPICON_NAME = AppIcon;
				CLANG_ENABLE_MODULES = YES;
				CODE_SIGN_IDENTITY = "iPhone Distribution";
				CODE_SIGN_STYLE = Manual;
				CURRENT_PROJECT_VERSION = 17;
				DEVELOPMENT_TEAM = 99Y6CF5TBP;
				HEADER_SEARCH_PATHS = (
					"$(inherited)",
					"$(SRCROOT)/../node_modules/react-native-randombytes",
					"$(SRCROOT)/../node_modules/react-native-svg/ios/**",
					"$(SRCROOT)/../node_modules/react-native-camera/ios/**",
					"$(SRCROOT)/../node_modules/react-native-permissions/ios/**",
					"$(SRCROOT)/../node_modules/react-native-keychain/RNKeychainManager",
					"$(SRCROOT)/../node_modules/react-native-splash-screen/ios/**",
					"$(SRCROOT)/../node_modules/react-native-restart/ios/RCTRestart/**",
					"$(SRCROOT)/../node_modules/react-native-google-analytics-bridge/ios/RCTGoogleAnalyticsBridge/**",
					"$(SRCROOT)/../node_modules/react-native-version-number/ios",
					"$(SRCROOT)/../node_modules/react-native-config/ios/ReactNativeConfig",
					"$(SRCROOT)/../node_modules/@react-native-community/async-storage/ios",
					"$(SRCROOT)/../node_modules/react-native-sentry/ios/**",
				);
				INFOPLIST_FILE = MetronomeWallet/Info.plist;
				LD_RUNPATH_SEARCH_PATHS = (
					"$(inherited)",
					"@executable_path/Frameworks",
				);
				ONLY_ACTIVE_ARCH = YES;
				OTHER_LDFLAGS = (
					"$(inherited)",
					"-ObjC",
					"-lc++",
				);
				PRODUCT_BUNDLE_IDENTIFIER = sh.autonomous.wallet.mobile;
				PRODUCT_NAME = MetronomeWallet;
				PROVISIONING_PROFILE_SPECIFIER = "match AppStore sh.autonomous.wallet.mobile";
				SWIFT_OBJC_BRIDGING_HEADER = "MetronomeWallet-Bridging-Header.h";
				SWIFT_VERSION = 5.0;
				TARGETED_DEVICE_FAMILY = 1;
				VERSIONING_SYSTEM = "apple-generic";
			};
			name = Release;
		};
		2D02E4971E0B4A5E006451C7 /* Debug */ = {
			isa = XCBuildConfiguration;
			baseConfigurationReference = B83DC7A9C4255F954B0272CE /* Pods-MetronomeWallet-tvOS.debug.xcconfig */;
			buildSettings = {
				ASSETCATALOG_COMPILER_APPICON_NAME = "App Icon & Top Shelf Image";
				ASSETCATALOG_COMPILER_LAUNCHIMAGE_NAME = LaunchImage;
				CLANG_ANALYZER_NONNULL = YES;
				CLANG_ENABLE_MODULES = YES;
				CLANG_WARN_DOCUMENTATION_COMMENTS = YES;
				CLANG_WARN_INFINITE_RECURSION = YES;
				CLANG_WARN_SUSPICIOUS_MOVE = YES;
				DEBUG_INFORMATION_FORMAT = dwarf;
				DEVELOPMENT_TEAM = P7AF4RFC66;
				ENABLE_TESTABILITY = YES;
				GCC_NO_COMMON_BLOCKS = YES;
				HEADER_SEARCH_PATHS = (
					"$(inherited)",
					"$(SRCROOT)/../node_modules/react-native-randombytes",
					"$(SRCROOT)/../node_modules/react-native-svg/ios/**",
					"$(SRCROOT)/../node_modules/react-native-camera/ios/**",
					"$(SRCROOT)/../node_modules/react-native-permissions/ios/**",
					"$(SRCROOT)/../node_modules/react-native-keychain/RNKeychainManager",
					"$(SRCROOT)/../node_modules/react-native-splash-screen/ios",
					"$(SRCROOT)/../node_modules/react-native-restart/ios/RCTRestart/**",
					"$(SRCROOT)/../node_modules/react-native-google-analytics-bridge/ios/RCTGoogleAnalyticsBridge/**",
					"$(SRCROOT)/../node_modules/react-native-version-number/ios",
					"$(SRCROOT)/../node_modules/react-native-config/ios/ReactNativeConfig",
					"$(SRCROOT)/../node_modules/@react-native-community/async-storage/ios",
					"$(SRCROOT)/../node_modules/react-native-sentry/ios/**",
				);
				INFOPLIST_FILE = "MetronomeWallet-tvOS/Info.plist";
				LD_RUNPATH_SEARCH_PATHS = (
					"$(inherited)",
					"@executable_path/Frameworks",
				);
				LIBRARY_SEARCH_PATHS = (
					"$(inherited)",
					"\"$(SRCROOT)/$(TARGET_NAME)\"",
					"\"$(SRCROOT)/$(TARGET_NAME)\"",
				);
				OTHER_LDFLAGS = (
					"-ObjC",
					"-lc++",
				);
				PRODUCT_BUNDLE_IDENTIFIER = "com.facebook.REACT.MetronomeWallet-tvOS";
				PRODUCT_NAME = "$(TARGET_NAME)";
				SDKROOT = appletvos;
				SWIFT_OBJC_BRIDGING_HEADER = "MetronomeWallet-tvOS-Bridging-Header.h";
				SWIFT_OPTIMIZATION_LEVEL = "-Onone";
				SWIFT_VERSION = 5.0;
				TARGETED_DEVICE_FAMILY = 3;
				TVOS_DEPLOYMENT_TARGET = 9.2;
			};
			name = Debug;
		};
		2D02E4981E0B4A5E006451C7 /* Release */ = {
			isa = XCBuildConfiguration;
			baseConfigurationReference = 96B6227F7B1CF49CE852DB66 /* Pods-MetronomeWallet-tvOS.release.xcconfig */;
			buildSettings = {
				ASSETCATALOG_COMPILER_APPICON_NAME = "App Icon & Top Shelf Image";
				ASSETCATALOG_COMPILER_LAUNCHIMAGE_NAME = LaunchImage;
				CLANG_ANALYZER_NONNULL = YES;
				CLANG_ENABLE_MODULES = YES;
				CLANG_WARN_DOCUMENTATION_COMMENTS = YES;
				CLANG_WARN_INFINITE_RECURSION = YES;
				CLANG_WARN_SUSPICIOUS_MOVE = YES;
				COPY_PHASE_STRIP = NO;
				DEBUG_INFORMATION_FORMAT = "dwarf-with-dsym";
				DEVELOPMENT_TEAM = P7AF4RFC66;
				GCC_NO_COMMON_BLOCKS = YES;
				HEADER_SEARCH_PATHS = (
					"$(inherited)",
					"$(SRCROOT)/../node_modules/react-native-randombytes",
					"$(SRCROOT)/../node_modules/react-native-svg/ios/**",
					"$(SRCROOT)/../node_modules/react-native-camera/ios/**",
					"$(SRCROOT)/../node_modules/react-native-permissions/ios/**",
					"$(SRCROOT)/../node_modules/react-native-keychain/RNKeychainManager",
					"$(SRCROOT)/../node_modules/react-native-splash-screen/ios",
					"$(SRCROOT)/../node_modules/react-native-restart/ios/RCTRestart/**",
					"$(SRCROOT)/../node_modules/react-native-google-analytics-bridge/ios/RCTGoogleAnalyticsBridge/**",
					"$(SRCROOT)/../node_modules/react-native-version-number/ios",
					"$(SRCROOT)/../node_modules/react-native-config/ios/ReactNativeConfig",
					"$(SRCROOT)/../node_modules/@react-native-community/async-storage/ios",
					"$(SRCROOT)/../node_modules/react-native-sentry/ios/**",
				);
				INFOPLIST_FILE = "MetronomeWallet-tvOS/Info.plist";
				LD_RUNPATH_SEARCH_PATHS = (
					"$(inherited)",
					"@executable_path/Frameworks",
				);
				LIBRARY_SEARCH_PATHS = (
					"$(inherited)",
					"\"$(SRCROOT)/$(TARGET_NAME)\"",
					"\"$(SRCROOT)/$(TARGET_NAME)\"",
				);
				OTHER_LDFLAGS = (
					"-ObjC",
					"-lc++",
				);
				PRODUCT_BUNDLE_IDENTIFIER = "com.facebook.REACT.MetronomeWallet-tvOS";
				PRODUCT_NAME = "$(TARGET_NAME)";
				SDKROOT = appletvos;
				SWIFT_OBJC_BRIDGING_HEADER = "MetronomeWallet-tvOS-Bridging-Header.h";
				SWIFT_VERSION = 5.0;
				TARGETED_DEVICE_FAMILY = 3;
				TVOS_DEPLOYMENT_TARGET = 9.2;
			};
			name = Release;
		};
		2D02E4991E0B4A5E006451C7 /* Debug */ = {
			isa = XCBuildConfiguration;
			baseConfigurationReference = 7BD8C4C49129726412C6C43D /* Pods-MetronomeWallet-tvOSTests.debug.xcconfig */;
			buildSettings = {
				BUNDLE_LOADER = "$(TEST_HOST)";
				CLANG_ANALYZER_NONNULL = YES;
				CLANG_WARN_DOCUMENTATION_COMMENTS = YES;
				CLANG_WARN_INFINITE_RECURSION = YES;
				CLANG_WARN_SUSPICIOUS_MOVE = YES;
				DEBUG_INFORMATION_FORMAT = dwarf;
				ENABLE_TESTABILITY = YES;
				GCC_NO_COMMON_BLOCKS = YES;
				INFOPLIST_FILE = "MetronomeWallet-tvOSTests/Info.plist";
				LD_RUNPATH_SEARCH_PATHS = (
					"$(inherited)",
					"@executable_path/Frameworks",
					"@loader_path/Frameworks",
				);
				LIBRARY_SEARCH_PATHS = (
					"$(inherited)",
					"\"$(SRCROOT)/$(TARGET_NAME)\"",
					"\"$(SRCROOT)/$(TARGET_NAME)\"",
				);
				PRODUCT_BUNDLE_IDENTIFIER = "com.facebook.REACT.MetronomeWallet-tvOSTests";
				PRODUCT_NAME = "$(TARGET_NAME)";
				SDKROOT = appletvos;
				TEST_HOST = "$(BUILT_PRODUCTS_DIR)/MetronomeWallet-tvOS.app/MetronomeWallet-tvOS";
				TVOS_DEPLOYMENT_TARGET = 10.1;
			};
			name = Debug;
		};
		2D02E49A1E0B4A5E006451C7 /* Release */ = {
			isa = XCBuildConfiguration;
			baseConfigurationReference = F78708F83912247238789839 /* Pods-MetronomeWallet-tvOSTests.release.xcconfig */;
			buildSettings = {
				BUNDLE_LOADER = "$(TEST_HOST)";
				CLANG_ANALYZER_NONNULL = YES;
				CLANG_WARN_DOCUMENTATION_COMMENTS = YES;
				CLANG_WARN_INFINITE_RECURSION = YES;
				CLANG_WARN_SUSPICIOUS_MOVE = YES;
				COPY_PHASE_STRIP = NO;
				DEBUG_INFORMATION_FORMAT = "dwarf-with-dsym";
				GCC_NO_COMMON_BLOCKS = YES;
				INFOPLIST_FILE = "MetronomeWallet-tvOSTests/Info.plist";
				LD_RUNPATH_SEARCH_PATHS = (
					"$(inherited)",
					"@executable_path/Frameworks",
					"@loader_path/Frameworks",
				);
				LIBRARY_SEARCH_PATHS = (
					"$(inherited)",
					"\"$(SRCROOT)/$(TARGET_NAME)\"",
					"\"$(SRCROOT)/$(TARGET_NAME)\"",
				);
				PRODUCT_BUNDLE_IDENTIFIER = "com.facebook.REACT.MetronomeWallet-tvOSTests";
				PRODUCT_NAME = "$(TARGET_NAME)";
				SDKROOT = appletvos;
				TEST_HOST = "$(BUILT_PRODUCTS_DIR)/MetronomeWallet-tvOS.app/MetronomeWallet-tvOS";
				TVOS_DEPLOYMENT_TARGET = 10.1;
			};
			name = Release;
		};
		83CBBA201A601CBA00E9B192 /* Debug */ = {
			isa = XCBuildConfiguration;
			buildSettings = {
				ALWAYS_SEARCH_USER_PATHS = NO;
				CLANG_CXX_LANGUAGE_STANDARD = "gnu++0x";
				CLANG_CXX_LIBRARY = "libc++";
				CLANG_ENABLE_MODULES = YES;
				CLANG_ENABLE_OBJC_ARC = YES;
				CLANG_WARN_BOOL_CONVERSION = YES;
				CLANG_WARN_CONSTANT_CONVERSION = YES;
				CLANG_WARN_DIRECT_OBJC_ISA_USAGE = YES_ERROR;
				CLANG_WARN_EMPTY_BODY = YES;
				CLANG_WARN_ENUM_CONVERSION = YES;
				CLANG_WARN_INT_CONVERSION = YES;
				CLANG_WARN_OBJC_ROOT_CLASS = YES_ERROR;
				CLANG_WARN_UNREACHABLE_CODE = YES;
				CLANG_WARN__DUPLICATE_METHOD_MATCH = YES;
				"CODE_SIGN_IDENTITY[sdk=iphoneos*]" = "iPhone Developer";
				COPY_PHASE_STRIP = NO;
				ENABLE_STRICT_OBJC_MSGSEND = YES;
				GCC_C_LANGUAGE_STANDARD = gnu99;
				GCC_DYNAMIC_NO_PIC = NO;
				GCC_OPTIMIZATION_LEVEL = 0;
				GCC_PREPROCESSOR_DEFINITIONS = (
					"DEBUG=1",
					"$(inherited)",
				);
				GCC_SYMBOLS_PRIVATE_EXTERN = NO;
				GCC_WARN_64_TO_32_BIT_CONVERSION = YES;
				GCC_WARN_ABOUT_RETURN_TYPE = YES_ERROR;
				GCC_WARN_UNDECLARED_SELECTOR = YES;
				GCC_WARN_UNINITIALIZED_AUTOS = YES_AGGRESSIVE;
				GCC_WARN_UNUSED_FUNCTION = YES;
				GCC_WARN_UNUSED_VARIABLE = YES;
				INFOPLIST_OTHER_PREPROCESSOR_FLAGS = "-traditional";
				INFOPLIST_PREFIX_HEADER = "${BUILD_DIR}/GeneratedInfoPlistDotEnv.h";
				INFOPLIST_PREPROCESS = YES;
				IPHONEOS_DEPLOYMENT_TARGET = 12.1;
				LIBRARY_SEARCH_PATHS = (
					"$(TOOLCHAIN_DIR)/usr/lib/swift/$(PLATFORM_NAME)",
					"$(TOOLCHAIN_DIR)/usr/lib/swift-5.0/$(PLATFORM_NAME)",
					"$(inherited)",
				);
				MTL_ENABLE_DEBUG_INFO = YES;
				ONLY_ACTIVE_ARCH = YES;
				SDKROOT = iphoneos;
			};
			name = Debug;
		};
		83CBBA211A601CBA00E9B192 /* Release */ = {
			isa = XCBuildConfiguration;
			buildSettings = {
				ALWAYS_SEARCH_USER_PATHS = NO;
				CLANG_CXX_LANGUAGE_STANDARD = "gnu++0x";
				CLANG_CXX_LIBRARY = "libc++";
				CLANG_ENABLE_MODULES = YES;
				CLANG_ENABLE_OBJC_ARC = YES;
				CLANG_WARN_BOOL_CONVERSION = YES;
				CLANG_WARN_CONSTANT_CONVERSION = YES;
				CLANG_WARN_DIRECT_OBJC_ISA_USAGE = YES_ERROR;
				CLANG_WARN_EMPTY_BODY = YES;
				CLANG_WARN_ENUM_CONVERSION = YES;
				CLANG_WARN_INT_CONVERSION = YES;
				CLANG_WARN_OBJC_ROOT_CLASS = YES_ERROR;
				CLANG_WARN_UNREACHABLE_CODE = YES;
				CLANG_WARN__DUPLICATE_METHOD_MATCH = YES;
				"CODE_SIGN_IDENTITY[sdk=iphoneos*]" = "iPhone Developer";
				COPY_PHASE_STRIP = YES;
				ENABLE_NS_ASSERTIONS = NO;
				ENABLE_STRICT_OBJC_MSGSEND = YES;
				GCC_C_LANGUAGE_STANDARD = gnu99;
				GCC_WARN_64_TO_32_BIT_CONVERSION = YES;
				GCC_WARN_ABOUT_RETURN_TYPE = YES_ERROR;
				GCC_WARN_UNDECLARED_SELECTOR = YES;
				GCC_WARN_UNINITIALIZED_AUTOS = YES_AGGRESSIVE;
				GCC_WARN_UNUSED_FUNCTION = YES;
				GCC_WARN_UNUSED_VARIABLE = YES;
				INFOPLIST_OTHER_PREPROCESSOR_FLAGS = "-traditional";
				INFOPLIST_PREFIX_HEADER = "${BUILD_DIR}/GeneratedInfoPlistDotEnv.h";
				INFOPLIST_PREPROCESS = YES;
				IPHONEOS_DEPLOYMENT_TARGET = 12.1;
				LIBRARY_SEARCH_PATHS = (
					"$(TOOLCHAIN_DIR)/usr/lib/swift/$(PLATFORM_NAME)",
					"$(TOOLCHAIN_DIR)/usr/lib/swift-5.0/$(PLATFORM_NAME)",
					"$(inherited)",
				);
				MTL_ENABLE_DEBUG_INFO = NO;
				SDKROOT = iphoneos;
				VALIDATE_PRODUCT = YES;
			};
			name = Release;
		};
/* End XCBuildConfiguration section */

/* Begin XCConfigurationList section */
		00E357021AD99517003FC87E /* Build configuration list for PBXNativeTarget "MetronomeWalletTests" */ = {
			isa = XCConfigurationList;
			buildConfigurations = (
				00E356F61AD99517003FC87E /* Debug */,
				00E356F71AD99517003FC87E /* Release */,
			);
			defaultConfigurationIsVisible = 0;
			defaultConfigurationName = Release;
		};
		13B07F931A680F5B00A75B9A /* Build configuration list for PBXNativeTarget "MetronomeWallet" */ = {
			isa = XCConfigurationList;
			buildConfigurations = (
				13B07F941A680F5B00A75B9A /* Debug */,
				13B07F951A680F5B00A75B9A /* Release */,
			);
			defaultConfigurationIsVisible = 0;
			defaultConfigurationName = Release;
		};
		2D02E4BA1E0B4A5E006451C7 /* Build configuration list for PBXNativeTarget "MetronomeWallet-tvOS" */ = {
			isa = XCConfigurationList;
			buildConfigurations = (
				2D02E4971E0B4A5E006451C7 /* Debug */,
				2D02E4981E0B4A5E006451C7 /* Release */,
			);
			defaultConfigurationIsVisible = 0;
			defaultConfigurationName = Release;
		};
		2D02E4BB1E0B4A5E006451C7 /* Build configuration list for PBXNativeTarget "MetronomeWallet-tvOSTests" */ = {
			isa = XCConfigurationList;
			buildConfigurations = (
				2D02E4991E0B4A5E006451C7 /* Debug */,
				2D02E49A1E0B4A5E006451C7 /* Release */,
			);
			defaultConfigurationIsVisible = 0;
			defaultConfigurationName = Release;
		};
		83CBB9FA1A601CBA00E9B192 /* Build configuration list for PBXProject "MetronomeWallet" */ = {
			isa = XCConfigurationList;
			buildConfigurations = (
				83CBBA201A601CBA00E9B192 /* Debug */,
				83CBBA211A601CBA00E9B192 /* Release */,
			);
			defaultConfigurationIsVisible = 0;
			defaultConfigurationName = Release;
		};
/* End XCConfigurationList section */
	};
	rootObject = 83CBB9F71A601CBA00E9B192 /* Project object */;
}
